
Microsoft Visual Studio Solution File, Format Version 12.00
# Visual Studio 15
VisualStudioVersion = 15.0.27130.2020
MinimumVisualStudioVersion = 10.0.40219.1
Project("{8BC9CEB8-8B4A-11D0-8D11-00A0C91BC942}") = "DFW2", "DFW2\DFW2.vcxproj", "{3F83480D-B24E-487E-895E-E4F7FA099A87}"
	ProjectSection(ProjectDependencies) = postProject
		{10A29A20-D54F-465D-8A51-EF34EA3D9DD7} = {10A29A20-D54F-465D-8A51-EF34EA3D9DD7}
		{E8CA4426-44D6-4451-94EC-EF9E478733FE} = {E8CA4426-44D6-4451-94EC-EF9E478733FE}
		{DFC50FFE-44CC-45C6-BE06-859ED33F6119} = {DFC50FFE-44CC-45C6-BE06-859ED33F6119}
	EndProjectSection
EndProject
Project("{2150E333-8FDC-42A3-9474-1A3956D46DE8}") = "Solution Items", "Solution Items", "{07E1761C-06B5-4FCE-8EDE-0D9087B1DFDE}"
	ProjectSection(SolutionItems) = preProject
		Performance1.psess = Performance1.psess
	EndProjectSection
EndProject
Project("{8BC9CEB8-8B4A-11D0-8D11-00A0C91BC942}") = "DeviceDLL", "DeviceDLL\DeviceDLL.vcxproj", "{DFC50FFE-44CC-45C6-BE06-859ED33F6119}"
EndProject
Project("{8BC9CEB8-8B4A-11D0-8D11-00A0C91BC942}") = "ResultFile", "ResultFile\ResultFile.vcxproj", "{10A29A20-D54F-465D-8A51-EF34EA3D9DD7}"
EndProject
Project("{FAE04EC0-301F-11D3-BF4B-00C04F79EFBC}") = "ResultFileTest", "ResultFileTest\ResultFileTest.csproj", "{5B949741-06EF-4D22-A52E-F63403CD3480}"
	ProjectSection(ProjectDependencies) = postProject
		{10A29A20-D54F-465D-8A51-EF34EA3D9DD7} = {10A29A20-D54F-465D-8A51-EF34EA3D9DD7}
	EndProjectSection
EndProject
Project("{FAE04EC0-301F-11D3-BF4B-00C04F79EFBC}") = "RastrChartWPFControl", "RastrChartWPFControl\RastrChartWPFControl.csproj", "{7CAEA7E6-23A7-48D7-B9F6-5348F1B0EA0D}"
EndProject
Project("{8BC9CEB8-8B4A-11D0-8D11-00A0C91BC942}") = "AutoDLL", "AutoDLL\AutoDLL.vcxproj", "{863ACE24-9117-489F-9CF9-CC2FD6797B42}"
EndProject
Project("{8BC9CEB8-8B4A-11D0-8D11-00A0C91BC942}") = "Compiler", "Compiler\Compiler.vcxproj", "{E8CA4426-44D6-4451-94EC-EF9E478733FE}"
EndProject
Global
	GlobalSection(SolutionConfigurationPlatforms) = preSolution
		Debug|Win32 = Debug|Win32
		Debug|x64 = Debug|x64
		Release|Win32 = Release|Win32
		Release|x64 = Release|x64
	EndGlobalSection
	GlobalSection(ProjectConfigurationPlatforms) = postSolution
		{3F83480D-B24E-487E-895E-E4F7FA099A87}.Debug|Win32.ActiveCfg = Debug|Win32
		{3F83480D-B24E-487E-895E-E4F7FA099A87}.Debug|Win32.Build.0 = Debug|Win32
		{3F83480D-B24E-487E-895E-E4F7FA099A87}.Debug|x64.ActiveCfg = Debug|x64
		{3F83480D-B24E-487E-895E-E4F7FA099A87}.Debug|x64.Build.0 = Debug|x64
		{3F83480D-B24E-487E-895E-E4F7FA099A87}.Release|Win32.ActiveCfg = Release|Win32
		{3F83480D-B24E-487E-895E-E4F7FA099A87}.Release|Win32.Build.0 = Release|Win32
		{3F83480D-B24E-487E-895E-E4F7FA099A87}.Release|x64.ActiveCfg = Release|x64
		{3F83480D-B24E-487E-895E-E4F7FA099A87}.Release|x64.Build.0 = Release|x64
		{DFC50FFE-44CC-45C6-BE06-859ED33F6119}.Debug|Win32.ActiveCfg = Debug|Win32
		{DFC50FFE-44CC-45C6-BE06-859ED33F6119}.Debug|Win32.Build.0 = Debug|Win32
		{DFC50FFE-44CC-45C6-BE06-859ED33F6119}.Debug|x64.ActiveCfg = Debug|x64
		{DFC50FFE-44CC-45C6-BE06-859ED33F6119}.Debug|x64.Build.0 = Debug|x64
		{DFC50FFE-44CC-45C6-BE06-859ED33F6119}.Release|Win32.ActiveCfg = Release|Win32
		{DFC50FFE-44CC-45C6-BE06-859ED33F6119}.Release|Win32.Build.0 = Release|Win32
		{DFC50FFE-44CC-45C6-BE06-859ED33F6119}.Release|x64.ActiveCfg = Release|x64
		{DFC50FFE-44CC-45C6-BE06-859ED33F6119}.Release|x64.Build.0 = Release|x64
		{10A29A20-D54F-465D-8A51-EF34EA3D9DD7}.Debug|Win32.ActiveCfg = Debug|Win32
		{10A29A20-D54F-465D-8A51-EF34EA3D9DD7}.Debug|Win32.Build.0 = Debug|Win32
		{10A29A20-D54F-465D-8A51-EF34EA3D9DD7}.Debug|x64.ActiveCfg = Debug|x64
		{10A29A20-D54F-465D-8A51-EF34EA3D9DD7}.Debug|x64.Build.0 = Debug|x64
		{10A29A20-D54F-465D-8A51-EF34EA3D9DD7}.Release|Win32.ActiveCfg = Release|Win32
		{10A29A20-D54F-465D-8A51-EF34EA3D9DD7}.Release|Win32.Build.0 = Release|Win32
		{10A29A20-D54F-465D-8A51-EF34EA3D9DD7}.Release|x64.ActiveCfg = Release|x64
		{10A29A20-D54F-465D-8A51-EF34EA3D9DD7}.Release|x64.Build.0 = Release|x64
		{5B949741-06EF-4D22-A52E-F63403CD3480}.Debug|Win32.ActiveCfg = Debug|x86
		{5B949741-06EF-4D22-A52E-F63403CD3480}.Debug|Win32.Build.0 = Debug|x86
		{5B949741-06EF-4D22-A52E-F63403CD3480}.Debug|x64.ActiveCfg = Debug|x64
		{5B949741-06EF-4D22-A52E-F63403CD3480}.Debug|x64.Build.0 = Debug|x64
		{5B949741-06EF-4D22-A52E-F63403CD3480}.Release|Win32.ActiveCfg = Release|x86
		{5B949741-06EF-4D22-A52E-F63403CD3480}.Release|Win32.Build.0 = Release|x86
		{5B949741-06EF-4D22-A52E-F63403CD3480}.Release|x64.ActiveCfg = Release|x64
		{5B949741-06EF-4D22-A52E-F63403CD3480}.Release|x64.Build.0 = Release|x64
		{7CAEA7E6-23A7-48D7-B9F6-5348F1B0EA0D}.Debug|Win32.ActiveCfg = Debug|x86
		{7CAEA7E6-23A7-48D7-B9F6-5348F1B0EA0D}.Debug|Win32.Build.0 = Debug|x86
		{7CAEA7E6-23A7-48D7-B9F6-5348F1B0EA0D}.Debug|x64.ActiveCfg = Debug|x64
		{7CAEA7E6-23A7-48D7-B9F6-5348F1B0EA0D}.Debug|x64.Build.0 = Debug|x64
		{7CAEA7E6-23A7-48D7-B9F6-5348F1B0EA0D}.Release|Win32.ActiveCfg = Release|x86
		{7CAEA7E6-23A7-48D7-B9F6-5348F1B0EA0D}.Release|Win32.Build.0 = Release|x86
		{7CAEA7E6-23A7-48D7-B9F6-5348F1B0EA0D}.Release|x64.ActiveCfg = Release|x64
		{7CAEA7E6-23A7-48D7-B9F6-5348F1B0EA0D}.Release|x64.Build.0 = Release|x64
		{863ACE24-9117-489F-9CF9-CC2FD6797B42}.Debug|Win32.ActiveCfg = Debug|Win32
		{863ACE24-9117-489F-9CF9-CC2FD6797B42}.Debug|x64.ActiveCfg = Debug|Win32
		{863ACE24-9117-489F-9CF9-CC2FD6797B42}.Release|Win32.ActiveCfg = Release|Win32
		{863ACE24-9117-489F-9CF9-CC2FD6797B42}.Release|x64.ActiveCfg = Release|Win32
		{E8CA4426-44D6-4451-94EC-EF9E478733FE}.Debug|Win32.ActiveCfg = Debug|Win32
		{E8CA4426-44D6-4451-94EC-EF9E478733FE}.Debug|Win32.Build.0 = Debug|Win32
		{E8CA4426-44D6-4451-94EC-EF9E478733FE}.Debug|x64.ActiveCfg = Debug|x64
		{E8CA4426-44D6-4451-94EC-EF9E478733FE}.Debug|x64.Build.0 = Debug|x64
		{E8CA4426-44D6-4451-94EC-EF9E478733FE}.Release|Win32.ActiveCfg = Release|Win32
		{E8CA4426-44D6-4451-94EC-EF9E478733FE}.Release|Win32.Build.0 = Release|Win32
		{E8CA4426-44D6-4451-94EC-EF9E478733FE}.Release|x64.ActiveCfg = Release|x64
		{E8CA4426-44D6-4451-94EC-EF9E478733FE}.Release|x64.Build.0 = Release|x64
	EndGlobalSection
	GlobalSection(SolutionProperties) = preSolution
		HideSolutionNode = FALSE
	EndGlobalSection
	GlobalSection(ExtensibilityGlobals) = postSolution
		SolutionGuid = {B573490D-C810-4A10-A4C8-BC0A2F9F9E2C}
	EndGlobalSection
	GlobalSection(Performance) = preSolution
		HasPerformanceSessions = true
	EndGlobalSection
EndGlobal
