<?xml version="1.0" encoding="utf-8"?>
<Project ToolsVersion="4.0" xmlns="http://schemas.microsoft.com/developer/msbuild/2003">
  <ItemGroup>
    <Filter Include="Source Files">
      <UniqueIdentifier>{4FC737F1-C7A5-4376-A066-2A32D752A2FF}</UniqueIdentifier>
      <Extensions>cpp;c;cc;cxx;c++;def;odl;idl;hpj;bat;asm;asmx</Extensions>
    </Filter>
    <Filter Include="Header Files">
      <UniqueIdentifier>{93995380-89BD-4b04-88EB-625FBE52EBFB}</UniqueIdentifier>
      <Extensions>h;hh;hpp;hxx;h++;hm;inl;inc;ipp;xsd</Extensions>
    </Filter>
    <Filter Include="Resource Files">
      <UniqueIdentifier>{67DA6AB6-F800-4c08-8B7A-83BB121AAD01}</UniqueIdentifier>
      <Extensions>rc;ico;cur;bmp;dlg;rc2;rct;bin;rgs;gif;jpg;jpeg;jpe;resx;tiff;tif;png;wav;mfcribbon-ms</Extensions>
    </Filter>
    <Filter Include="Source Files\Generated">
      <UniqueIdentifier>{c9d92fd8-b16a-4590-bed5-aeda6493b8e7}</UniqueIdentifier>
    </Filter>
    <Filter Include="Source Files\Runtime">
      <UniqueIdentifier>{079fd2a1-f7fa-4236-9f87-6dc9c6393f34}</UniqueIdentifier>
    </Filter>
    <Filter Include="Source Files\fmt">
      <UniqueIdentifier>{05f47632-2eaf-418e-ad14-9edcb7c159b8}</UniqueIdentifier>
    </Filter>
  </ItemGroup>
  <ItemGroup>
    <ClCompile Include="Generated\EquationsBaseVisitor.cpp">
      <Filter>Source Files\Generated</Filter>
    </ClCompile>
    <ClCompile Include="Generated\EquationsLexer.cpp">
      <Filter>Source Files\Generated</Filter>
    </ClCompile>
    <ClCompile Include="Generated\EquationsParser.cpp">
      <Filter>Source Files\Generated</Filter>
    </ClCompile>
    <ClCompile Include="Generated\EquationsVisitor.cpp">
      <Filter>Source Files\Generated</Filter>
    </ClCompile>
    <ClCompile Include="ASTreeBase.cpp">
      <Filter>Source Files</Filter>
    </ClCompile>
    <ClCompile Include="ASTNodeMinus.cpp">
      <Filter>Source Files</Filter>
    </ClCompile>
    <ClCompile Include="ASTNodeMul.cpp">
      <Filter>Source Files</Filter>
    </ClCompile>
    <ClCompile Include="ASTNodeBase.cpp">
      <Filter>Source Files</Filter>
    </ClCompile>
    <ClCompile Include="ASTNodeDiv.cpp">
      <Filter>Source Files</Filter>
    </ClCompile>
    <ClCompile Include="ASTNodePow.cpp">
      <Filter>Source Files</Filter>
    </ClCompile>
    <ClCompile Include="ASTNodeSum.cpp">
      <Filter>Source Files</Filter>
    </ClCompile>
    <ClCompile Include="..\..\fmt\src\format.cc">
      <Filter>Source Files\fmt</Filter>
    </ClCompile>
    <ClCompile Include="ASTCodeGeneratorBase.cpp">
      <Filter>Source Files</Filter>
    </ClCompile>
    <ClCompile Include="ASTTrivialEquations.cpp">
      <Filter>Source Files</Filter>
    </ClCompile>
    <ClCompile Include="ASTVariable.cpp">
      <Filter>Source Files</Filter>
    </ClCompile>
    <ClCompile Include="ASTTrigonometry.cpp">
      <Filter>Source Files</Filter>
    </ClCompile>
    <ClCompile Include="EquationsOps.cpp">
      <Filter>Source Files</Filter>
    </ClCompile>
    <ClCompile Include="ASTEquation.cpp">
      <Filter>Source Files</Filter>
    </ClCompile>
    <ClCompile Include="dllmain.cpp">
      <Filter>Source Files</Filter>
    </ClCompile>
    <ClCompile Include="AntlrASTVisitor.cpp">
      <Filter>Source Files</Filter>
    </ClCompile>
    <ClCompile Include="AntlrASTErrorListener.cpp">
      <Filter>Source Files</Filter>
    </ClCompile>
    <ClCompile Include="CompilerBase.cpp">
      <Filter>Source Files</Filter>
    </ClCompile>
    <ClCompile Include="ASTNodeLimit.cpp">
      <Filter>Source Files</Filter>
    </ClCompile>
    <ClCompile Include="ASTNodeDeadBand.cpp">
      <Filter>Source Files</Filter>
    </ClCompile>
    <ClCompile Include="ASTNodeShrink.cpp">
      <Filter>Source Files</Filter>
    </ClCompile>
    <ClCompile Include="ASTNodeExpand.cpp">
      <Filter>Source Files</Filter>
    </ClCompile>
    <ClCompile Include="ASTNodeDerLag.cpp">
      <Filter>Source Files</Filter>
    </ClCompile>
    <ClCompile Include="ASTNodeLag.cpp">
      <Filter>Source Files</Filter>
    </ClCompile>
    <ClCompile Include="ASTNodeLagLim.cpp">
      <Filter>Source Files</Filter>
    </ClCompile>
    <ClCompile Include="ASTNodeLogicOps.cpp">
      <Filter>Source Files</Filter>
    </ClCompile>
    <ClCompile Include="UMC.cpp">
      <Filter>Source Files</Filter>
    </ClCompile>
  </ItemGroup>
  <ItemGroup>
    <CustomBuild Include="Equations.g4">
      <Filter>Source Files</Filter>
    </CustomBuild>
  </ItemGroup>
  <ItemGroup>
    <ClInclude Include="Generated\EquationsBaseVisitor.h">
      <Filter>Source Files\Generated</Filter>
    </ClInclude>
    <ClInclude Include="Generated\EquationsLexer.h">
      <Filter>Source Files\Generated</Filter>
    </ClInclude>
    <ClInclude Include="Generated\EquationsParser.h">
      <Filter>Source Files\Generated</Filter>
    </ClInclude>
    <ClInclude Include="Generated\EquationsVisitor.h">
      <Filter>Source Files\Generated</Filter>
    </ClInclude>
    <ClInclude Include="ASTNodeBase.h">
      <Filter>Header Files</Filter>
    </ClInclude>
    <ClInclude Include="ASTNodeTypes.h">
      <Filter>Header Files</Filter>
    </ClInclude>
    <ClInclude Include="ASTNodes.h">
      <Filter>Header Files</Filter>
    </ClInclude>
    <ClInclude Include="ASTTreeBase.h">
      <Filter>Header Files</Filter>
    </ClInclude>
    <ClInclude Include="MatchInfo.h">
      <Filter>Header Files</Filter>
    </ClInclude>
    <ClInclude Include="utils.h">
      <Filter>Header Files</Filter>
    </ClInclude>
    <ClInclude Include="Variables.h">
      <Filter>Header Files</Filter>
    </ClInclude>
    <ClInclude Include="ASTCodeGeneratorBase.h">
      <Filter>Header Files</Filter>
    </ClInclude>
    <ClInclude Include="ASTSimpleEquation.h">
      <Filter>Header Files</Filter>
    </ClInclude>
    <ClInclude Include="AntlrASTVisitor.h">
      <Filter>Header Files</Filter>
    </ClInclude>
    <ClInclude Include="AntlrASTErrorListener.h">
      <Filter>Header Files</Filter>
    </ClInclude>
    <ClInclude Include="CompilerBase.h">
      <Filter>Header Files</Filter>
    </ClInclude>
    <ClInclude Include="ICompiler.h">
      <Filter>Header Files</Filter>
    </ClInclude>
    <ClInclude Include="MessageCallbacks.h">
      <Filter>Header Files</Filter>
    </ClInclude>
  </ItemGroup>
</Project>