<?xml version="1.0" encoding="utf-8"?>
<Project ToolsVersion="4.0" xmlns="http://schemas.microsoft.com/developer/msbuild/2003">
  <ItemGroup>
    <Filter Include="Source Files">
      <UniqueIdentifier>{4FC737F1-C7A5-4376-A066-2A32D752A2FF}</UniqueIdentifier>
      <Extensions>cpp;c;cc;cxx;def;odl;idl;hpj;bat;asm;asmx</Extensions>
    </Filter>
    <Filter Include="Header Files">
      <UniqueIdentifier>{93995380-89BD-4b04-88EB-625FBE52EBFB}</UniqueIdentifier>
      <Extensions>h;hh;hpp;hxx;hm;inl;inc;xsd</Extensions>
    </Filter>
    <Filter Include="Resource Files">
      <UniqueIdentifier>{67DA6AB6-F800-4c08-8B7A-83BB121AAD01}</UniqueIdentifier>
      <Extensions>rc;ico;cur;bmp;dlg;rc2;rct;bin;rgs;gif;jpg;jpeg;jpe;resx;tiff;tif;png;wav;mfcribbon-ms</Extensions>
    </Filter>
    <Filter Include="Generated Files">
      <UniqueIdentifier>{7da1de7c-40b0-4cf0-86fa-2585acfbf7c0}</UniqueIdentifier>
      <SourceControlFiles>False</SourceControlFiles>
    </Filter>
  </ItemGroup>
  <ItemGroup>
    <ClCompile Include="stdafx.cpp">
      <Filter>Source Files</Filter>
    </ClCompile>
    <ClCompile Include="ResultFile.cpp">
      <Filter>Source Files</Filter>
    </ClCompile>
    <ClCompile Include="dllmain.cpp">
      <Filter>Source Files</Filter>
    </ClCompile>
    <ClCompile Include="ResultFile_i.c">
      <Filter>Generated Files</Filter>
    </ClCompile>
    <ClCompile Include="..\DFW2\Messages.cpp">
      <Filter>Source Files</Filter>
    </ClCompile>
    <ClCompile Include="Device.cpp">
      <Filter>Source Files</Filter>
    </ClCompile>
    <ClCompile Include="Variable.cpp">
      <Filter>Source Files</Filter>
    </ClCompile>
    <ClCompile Include="DeviceType.cpp">
      <Filter>Source Files</Filter>
    </ClCompile>
    <ClCompile Include="DeviceTypes.cpp">
      <Filter>Source Files</Filter>
    </ClCompile>
    <ClCompile Include="Devices.cpp">
      <Filter>Source Files</Filter>
    </ClCompile>
    <ClCompile Include="Variables.cpp">
      <Filter>Source Files</Filter>
    </ClCompile>
    <ClCompile Include="CSVWriter.cpp">
      <Filter>Source Files</Filter>
    </ClCompile>
    <ClCompile Include="ResultRead.cpp">
      <Filter>Source Files</Filter>
    </ClCompile>
    <ClCompile Include="Result.cpp">
      <Filter>Source Files</Filter>
    </ClCompile>
    <ClCompile Include="ResultWrite.cpp">
      <Filter>Source Files</Filter>
    </ClCompile>
    <ClCompile Include="DeviceTypeWrite.cpp">
      <Filter>Source Files</Filter>
    </ClCompile>
    <ClCompile Include="ResultFileReader.cpp">
      <Filter>Source Files</Filter>
    </ClCompile>
    <ClCompile Include="ResultFileWriter.cpp">
      <Filter>Source Files</Filter>
    </ClCompile>
    <ClCompile Include="Compressor.cpp">
      <Filter>Source Files</Filter>
    </ClCompile>
    <ClCompile Include="UnicodeSCSU.cpp">
      <Filter>Source Files</Filter>
    </ClCompile>
    <ClCompile Include="BitStream.cpp">
      <Filter>Source Files</Filter>
    </ClCompile>
    <ClCompile Include="SlowVariable.cpp">
      <Filter>Source Files</Filter>
    </ClCompile>
    <ClCompile Include="SlowVariables.cpp">
      <Filter>Source Files</Filter>
    </ClCompile>
    <ClCompile Include="SlowVariableItem.cpp">
      <Filter>Source Files</Filter>
    </ClCompile>
    <ClCompile Include="RLECompressor.cpp">
      <Filter>Source Files</Filter>
    </ClCompile>
    <ClCompile Include="..\fmt\src\format.cc">
      <Filter>Source Files</Filter>
    </ClCompile>
    <ClCompile Include="FileExceptions.cpp">
      <Filter>Source Files</Filter>
    </ClCompile>
    <ClCompile Include="DeviceTypeInfo.cpp">
      <Filter>Source Files</Filter>
    </ClCompile>
  </ItemGroup>
  <ItemGroup>
    <ClInclude Include="stdafx.h">
      <Filter>Header Files</Filter>
    </ClInclude>
    <ClInclude Include="targetver.h">
      <Filter>Header Files</Filter>
    </ClInclude>
    <ClInclude Include="Resource.h">
      <Filter>Header Files</Filter>
    </ClInclude>
    <ClInclude Include="dllmain.h">
      <Filter>Header Files</Filter>
    </ClInclude>
    <ClInclude Include="ResultFile_i.h">
      <Filter>Generated Files</Filter>
    </ClInclude>
    <ClInclude Include="Device.h">
      <Filter>Header Files</Filter>
    </ClInclude>
    <ClInclude Include="GenericCollection.h">
      <Filter>Header Files</Filter>
    </ClInclude>
    <ClInclude Include="Variable.h">
      <Filter>Header Files</Filter>
    </ClInclude>
    <ClInclude Include="DeviceType.h">
      <Filter>Header Files</Filter>
    </ClInclude>
    <ClInclude Include="DeviceTypes.h">
      <Filter>Header Files</Filter>
    </ClInclude>
    <ClInclude Include="Devices.h">
      <Filter>Header Files</Filter>
    </ClInclude>
    <ClInclude Include="Variables.h">
      <Filter>Header Files</Filter>
    </ClInclude>
    <ClInclude Include="CSVWriter.h">
      <Filter>Header Files</Filter>
    </ClInclude>
    <ClInclude Include="ResultRead.h">
      <Filter>Header Files</Filter>
    </ClInclude>
    <ClInclude Include="Result.h">
      <Filter>Header Files</Filter>
    </ClInclude>
    <ClInclude Include="ResultWrite.h">
      <Filter>Header Files</Filter>
    </ClInclude>
    <ClInclude Include="DeviceTypeWrite.h">
      <Filter>Header Files</Filter>
    </ClInclude>
    <ClInclude Include="..\DFW2\cex.h">
      <Filter>Header Files</Filter>
    </ClInclude>
    <ClInclude Include="..\DFW2\DeviceTypes.h">
      <Filter>Header Files</Filter>
    </ClInclude>
    <ClInclude Include="..\DFW2\Header.h">
      <Filter>Header Files</Filter>
    </ClInclude>
    <ClInclude Include="..\DFW2\Messages.h">
      <Filter>Header Files</Filter>
    </ClInclude>
    <ClInclude Include="ResultFileReader.h">
      <Filter>Header Files</Filter>
    </ClInclude>
    <ClInclude Include="ResultFileWriter.h">
      <Filter>Header Files</Filter>
    </ClInclude>
    <ClInclude Include="UnicodeSCSU.h">
      <Filter>Header Files</Filter>
    </ClInclude>
    <ClInclude Include="Compressor.h">
      <Filter>Header Files</Filter>
    </ClInclude>
    <ClInclude Include="VariablesCollection.h">
      <Filter>Header Files</Filter>
    </ClInclude>
    <ClInclude Include="DeviceCollection.h">
      <Filter>Header Files</Filter>
    </ClInclude>
    <ClInclude Include="SlowVariable.h">
      <Filter>Header Files</Filter>
    </ClInclude>
    <ClInclude Include="SlowVariables.h">
      <Filter>Header Files</Filter>
    </ClInclude>
    <ClInclude Include="SlowVariableItem.h">
      <Filter>Header Files</Filter>
    </ClInclude>
    <ClInclude Include="RLECompressor.h">
      <Filter>Header Files</Filter>
    </ClInclude>
    <ClInclude Include="Filewrapper.h">
      <Filter>Header Files</Filter>
    </ClInclude>
    <ClInclude Include="FileExceptions.h">
      <Filter>Header Files</Filter>
    </ClInclude>
    <ClInclude Include="IResultWriterABI.h">
      <Filter>Header Files</Filter>
    </ClInclude>
    <ClInclude Include="DeviceTypeInfo.h">
      <Filter>Header Files</Filter>
    </ClInclude>
  </ItemGroup>
  <ItemGroup>
    <ResourceCompile Include="ResultFile.rc">
      <Filter>Resource Files</Filter>
    </ResourceCompile>
  </ItemGroup>
  <ItemGroup>
    <None Include="ResultFile.def">
      <Filter>Source Files</Filter>
    </None>
    <None Include="Result.rgs">
      <Filter>Resource Files</Filter>
    </None>
    <None Include="ResultFile.rgs">
      <Filter>Resource Files</Filter>
    </None>
  </ItemGroup>
  <ItemGroup>
    <Midl Include="ResultFile.idl">
      <Filter>Source Files</Filter>
    </Midl>
  </ItemGroup>
</Project>