<?xml version="1.0" encoding="utf-8"?>
<Project ToolsVersion="17.0" xmlns="http://schemas.microsoft.com/developer/msbuild/2003">
  <ItemGroup>
    <ClCompile Include="D:\source\repos\DFW2\UMC\CryptoPP\cryptlib.cpp">
      <Filter>Source Files</Filter>
    </ClCompile>
    <ClCompile Include="D:\source\repos\DFW2\UMC\CryptoPP\cpu.cpp">
      <Filter>Source Files</Filter>
    </ClCompile>
    <ClCompile Include="D:\source\repos\DFW2\UMC\CryptoPP\integer.cpp">
      <Filter>Source Files</Filter>
    </ClCompile>
    <ClCompile Include="D:\source\repos\DFW2\UMC\CryptoPP\3way.cpp">
      <Filter>Source Files</Filter>
    </ClCompile>
    <ClCompile Include="D:\source\repos\DFW2\UMC\CryptoPP\adler32.cpp">
      <Filter>Source Files</Filter>
    </ClCompile>
    <ClCompile Include="D:\source\repos\DFW2\UMC\CryptoPP\algebra.cpp">
      <Filter>Source Files</Filter>
    </ClCompile>
    <ClCompile Include="D:\source\repos\DFW2\UMC\CryptoPP\algparam.cpp">
      <Filter>Source Files</Filter>
    </ClCompile>
    <ClCompile Include="D:\source\repos\DFW2\UMC\CryptoPP\allocate.cpp">
      <Filter>Source Files</Filter>
    </ClCompile>
    <ClCompile Include="D:\source\repos\DFW2\UMC\CryptoPP\arc4.cpp">
      <Filter>Source Files</Filter>
    </ClCompile>
    <ClCompile Include="D:\source\repos\DFW2\UMC\CryptoPP\aria.cpp">
      <Filter>Source Files</Filter>
    </ClCompile>
    <ClCompile Include="D:\source\repos\DFW2\UMC\CryptoPP\aria_simd.cpp">
      <Filter>Source Files</Filter>
    </ClCompile>
    <ClCompile Include="D:\source\repos\DFW2\UMC\CryptoPP\ariatab.cpp">
      <Filter>Source Files</Filter>
    </ClCompile>
    <ClCompile Include="D:\source\repos\DFW2\UMC\CryptoPP\asn.cpp">
      <Filter>Source Files</Filter>
    </ClCompile>
    <ClCompile Include="D:\source\repos\DFW2\UMC\CryptoPP\authenc.cpp">
      <Filter>Source Files</Filter>
    </ClCompile>
    <ClCompile Include="D:\source\repos\DFW2\UMC\CryptoPP\base32.cpp">
      <Filter>Source Files</Filter>
    </ClCompile>
    <ClCompile Include="D:\source\repos\DFW2\UMC\CryptoPP\base64.cpp">
      <Filter>Source Files</Filter>
    </ClCompile>
    <ClCompile Include="D:\source\repos\DFW2\UMC\CryptoPP\basecode.cpp">
      <Filter>Source Files</Filter>
    </ClCompile>
    <ClCompile Include="D:\source\repos\DFW2\UMC\CryptoPP\bfinit.cpp">
      <Filter>Source Files</Filter>
    </ClCompile>
    <ClCompile Include="D:\source\repos\DFW2\UMC\CryptoPP\blake2.cpp">
      <Filter>Source Files</Filter>
    </ClCompile>
    <ClCompile Include="D:\source\repos\DFW2\UMC\CryptoPP\blake2b_simd.cpp">
      <Filter>Source Files</Filter>
    </ClCompile>
    <ClCompile Include="D:\source\repos\DFW2\UMC\CryptoPP\blake2s_simd.cpp">
      <Filter>Source Files</Filter>
    </ClCompile>
    <ClCompile Include="D:\source\repos\DFW2\UMC\CryptoPP\blowfish.cpp">
      <Filter>Source Files</Filter>
    </ClCompile>
    <ClCompile Include="D:\source\repos\DFW2\UMC\CryptoPP\blumshub.cpp">
      <Filter>Source Files</Filter>
    </ClCompile>
    <ClCompile Include="D:\source\repos\DFW2\UMC\CryptoPP\camellia.cpp">
      <Filter>Source Files</Filter>
    </ClCompile>
    <ClCompile Include="D:\source\repos\DFW2\UMC\CryptoPP\cast.cpp">
      <Filter>Source Files</Filter>
    </ClCompile>
    <ClCompile Include="D:\source\repos\DFW2\UMC\CryptoPP\casts.cpp">
      <Filter>Source Files</Filter>
    </ClCompile>
    <ClCompile Include="D:\source\repos\DFW2\UMC\CryptoPP\cbcmac.cpp">
      <Filter>Source Files</Filter>
    </ClCompile>
    <ClCompile Include="D:\source\repos\DFW2\UMC\CryptoPP\ccm.cpp">
      <Filter>Source Files</Filter>
    </ClCompile>
    <ClCompile Include="D:\source\repos\DFW2\UMC\CryptoPP\chacha.cpp">
      <Filter>Source Files</Filter>
    </ClCompile>
    <ClCompile Include="D:\source\repos\DFW2\UMC\CryptoPP\chacha_avx.cpp">
      <Filter>Source Files</Filter>
    </ClCompile>
    <ClCompile Include="D:\source\repos\DFW2\UMC\CryptoPP\chacha_simd.cpp">
      <Filter>Source Files</Filter>
    </ClCompile>
    <ClCompile Include="D:\source\repos\DFW2\UMC\CryptoPP\chachapoly.cpp">
      <Filter>Source Files</Filter>
    </ClCompile>
    <ClCompile Include="D:\source\repos\DFW2\UMC\CryptoPP\cham.cpp">
      <Filter>Source Files</Filter>
    </ClCompile>
    <ClCompile Include="D:\source\repos\DFW2\UMC\CryptoPP\cham_simd.cpp">
      <Filter>Source Files</Filter>
    </ClCompile>
    <ClCompile Include="D:\source\repos\DFW2\UMC\CryptoPP\channels.cpp">
      <Filter>Source Files</Filter>
    </ClCompile>
    <ClCompile Include="D:\source\repos\DFW2\UMC\CryptoPP\cmac.cpp">
      <Filter>Source Files</Filter>
    </ClCompile>
    <ClCompile Include="D:\source\repos\DFW2\UMC\CryptoPP\crc.cpp">
      <Filter>Source Files</Filter>
    </ClCompile>
    <ClCompile Include="D:\source\repos\DFW2\UMC\CryptoPP\crc_simd.cpp">
      <Filter>Source Files</Filter>
    </ClCompile>
    <ClCompile Include="D:\source\repos\DFW2\UMC\CryptoPP\darn.cpp">
      <Filter>Source Files</Filter>
    </ClCompile>
    <ClCompile Include="D:\source\repos\DFW2\UMC\CryptoPP\default.cpp">
      <Filter>Source Files</Filter>
    </ClCompile>
    <ClCompile Include="D:\source\repos\DFW2\UMC\CryptoPP\des.cpp">
      <Filter>Source Files</Filter>
    </ClCompile>
    <ClCompile Include="D:\source\repos\DFW2\UMC\CryptoPP\dessp.cpp">
      <Filter>Source Files</Filter>
    </ClCompile>
    <ClCompile Include="D:\source\repos\DFW2\UMC\CryptoPP\dh.cpp">
      <Filter>Source Files</Filter>
    </ClCompile>
    <ClCompile Include="D:\source\repos\DFW2\UMC\CryptoPP\dh2.cpp">
      <Filter>Source Files</Filter>
    </ClCompile>
    <ClCompile Include="D:\source\repos\DFW2\UMC\CryptoPP\dll.cpp">
      <Filter>Source Files</Filter>
    </ClCompile>
    <ClCompile Include="D:\source\repos\DFW2\UMC\CryptoPP\donna_32.cpp">
      <Filter>Source Files</Filter>
    </ClCompile>
    <ClCompile Include="D:\source\repos\DFW2\UMC\CryptoPP\donna_64.cpp">
      <Filter>Source Files</Filter>
    </ClCompile>
    <ClCompile Include="D:\source\repos\DFW2\UMC\CryptoPP\donna_sse.cpp">
      <Filter>Source Files</Filter>
    </ClCompile>
    <ClCompile Include="D:\source\repos\DFW2\UMC\CryptoPP\dsa.cpp">
      <Filter>Source Files</Filter>
    </ClCompile>
    <ClCompile Include="D:\source\repos\DFW2\UMC\CryptoPP\eax.cpp">
      <Filter>Source Files</Filter>
    </ClCompile>
    <ClCompile Include="D:\source\repos\DFW2\UMC\CryptoPP\ec2n.cpp">
      <Filter>Source Files</Filter>
    </ClCompile>
    <ClCompile Include="D:\source\repos\DFW2\UMC\CryptoPP\eccrypto.cpp">
      <Filter>Source Files</Filter>
    </ClCompile>
    <ClCompile Include="D:\source\repos\DFW2\UMC\CryptoPP\ecp.cpp">
      <Filter>Source Files</Filter>
    </ClCompile>
    <ClCompile Include="D:\source\repos\DFW2\UMC\CryptoPP\elgamal.cpp">
      <Filter>Source Files</Filter>
    </ClCompile>
    <ClCompile Include="D:\source\repos\DFW2\UMC\CryptoPP\emsa2.cpp">
      <Filter>Source Files</Filter>
    </ClCompile>
    <ClCompile Include="D:\source\repos\DFW2\UMC\CryptoPP\eprecomp.cpp">
      <Filter>Source Files</Filter>
    </ClCompile>
    <ClCompile Include="D:\source\repos\DFW2\UMC\CryptoPP\esign.cpp">
      <Filter>Source Files</Filter>
    </ClCompile>
    <ClCompile Include="D:\source\repos\DFW2\UMC\CryptoPP\files.cpp">
      <Filter>Source Files</Filter>
    </ClCompile>
    <ClCompile Include="D:\source\repos\DFW2\UMC\CryptoPP\filters.cpp">
      <Filter>Source Files</Filter>
    </ClCompile>
    <ClCompile Include="D:\source\repos\DFW2\UMC\CryptoPP\fips140.cpp">
      <Filter>Source Files</Filter>
    </ClCompile>
    <ClCompile Include="D:\source\repos\DFW2\UMC\CryptoPP\gcm.cpp">
      <Filter>Source Files</Filter>
    </ClCompile>
    <ClCompile Include="D:\source\repos\DFW2\UMC\CryptoPP\gcm_simd.cpp">
      <Filter>Source Files</Filter>
    </ClCompile>
    <ClCompile Include="D:\source\repos\DFW2\UMC\CryptoPP\gf256.cpp">
      <Filter>Source Files</Filter>
    </ClCompile>
    <ClCompile Include="D:\source\repos\DFW2\UMC\CryptoPP\gf2_32.cpp">
      <Filter>Source Files</Filter>
    </ClCompile>
    <ClCompile Include="D:\source\repos\DFW2\UMC\CryptoPP\gf2n.cpp">
      <Filter>Source Files</Filter>
    </ClCompile>
    <ClCompile Include="D:\source\repos\DFW2\UMC\CryptoPP\gf2n_simd.cpp">
      <Filter>Source Files</Filter>
    </ClCompile>
    <ClCompile Include="D:\source\repos\DFW2\UMC\CryptoPP\gfpcrypt.cpp">
      <Filter>Source Files</Filter>
    </ClCompile>
    <ClCompile Include="D:\source\repos\DFW2\UMC\CryptoPP\gost.cpp">
      <Filter>Source Files</Filter>
    </ClCompile>
    <ClCompile Include="D:\source\repos\DFW2\UMC\CryptoPP\gzip.cpp">
      <Filter>Source Files</Filter>
    </ClCompile>
    <ClCompile Include="D:\source\repos\DFW2\UMC\CryptoPP\hc128.cpp">
      <Filter>Source Files</Filter>
    </ClCompile>
    <ClCompile Include="D:\source\repos\DFW2\UMC\CryptoPP\hc256.cpp">
      <Filter>Source Files</Filter>
    </ClCompile>
    <ClCompile Include="D:\source\repos\DFW2\UMC\CryptoPP\hex.cpp">
      <Filter>Source Files</Filter>
    </ClCompile>
    <ClCompile Include="D:\source\repos\DFW2\UMC\CryptoPP\hight.cpp">
      <Filter>Source Files</Filter>
    </ClCompile>
    <ClCompile Include="D:\source\repos\DFW2\UMC\CryptoPP\hmac.cpp">
      <Filter>Source Files</Filter>
    </ClCompile>
    <ClCompile Include="D:\source\repos\DFW2\UMC\CryptoPP\hrtimer.cpp">
      <Filter>Source Files</Filter>
    </ClCompile>
    <ClCompile Include="D:\source\repos\DFW2\UMC\CryptoPP\ida.cpp">
      <Filter>Source Files</Filter>
    </ClCompile>
    <ClCompile Include="D:\source\repos\DFW2\UMC\CryptoPP\idea.cpp">
      <Filter>Source Files</Filter>
    </ClCompile>
    <ClCompile Include="D:\source\repos\DFW2\UMC\CryptoPP\iterhash.cpp">
      <Filter>Source Files</Filter>
    </ClCompile>
    <ClCompile Include="D:\source\repos\DFW2\UMC\CryptoPP\kalyna.cpp">
      <Filter>Source Files</Filter>
    </ClCompile>
    <ClCompile Include="D:\source\repos\DFW2\UMC\CryptoPP\kalynatab.cpp">
      <Filter>Source Files</Filter>
    </ClCompile>
    <ClCompile Include="D:\source\repos\DFW2\UMC\CryptoPP\keccak.cpp">
      <Filter>Source Files</Filter>
    </ClCompile>
    <ClCompile Include="D:\source\repos\DFW2\UMC\CryptoPP\keccak_core.cpp">
      <Filter>Source Files</Filter>
    </ClCompile>
    <ClCompile Include="D:\source\repos\DFW2\UMC\CryptoPP\keccak_simd.cpp">
      <Filter>Source Files</Filter>
    </ClCompile>
    <ClCompile Include="D:\source\repos\DFW2\UMC\CryptoPP\lea.cpp">
      <Filter>Source Files</Filter>
    </ClCompile>
    <ClCompile Include="D:\source\repos\DFW2\UMC\CryptoPP\lea_simd.cpp">
      <Filter>Source Files</Filter>
    </ClCompile>
    <ClCompile Include="D:\source\repos\DFW2\UMC\CryptoPP\lsh256.cpp">
      <Filter>Source Files</Filter>
    </ClCompile>
    <ClCompile Include="D:\source\repos\DFW2\UMC\CryptoPP\lsh256_avx.cpp">
      <Filter>Source Files</Filter>
    </ClCompile>
    <ClCompile Include="D:\source\repos\DFW2\UMC\CryptoPP\lsh256_sse.cpp">
      <Filter>Source Files</Filter>
    </ClCompile>
    <ClCompile Include="D:\source\repos\DFW2\UMC\CryptoPP\lsh512.cpp">
      <Filter>Source Files</Filter>
    </ClCompile>
    <ClCompile Include="D:\source\repos\DFW2\UMC\CryptoPP\lsh512_avx.cpp">
      <Filter>Source Files</Filter>
    </ClCompile>
    <ClCompile Include="D:\source\repos\DFW2\UMC\CryptoPP\lsh512_sse.cpp">
      <Filter>Source Files</Filter>
    </ClCompile>
    <ClCompile Include="D:\source\repos\DFW2\UMC\CryptoPP\luc.cpp">
      <Filter>Source Files</Filter>
    </ClCompile>
    <ClCompile Include="D:\source\repos\DFW2\UMC\CryptoPP\mars.cpp">
      <Filter>Source Files</Filter>
    </ClCompile>
    <ClCompile Include="D:\source\repos\DFW2\UMC\CryptoPP\marss.cpp">
      <Filter>Source Files</Filter>
    </ClCompile>
    <ClCompile Include="D:\source\repos\DFW2\UMC\CryptoPP\md2.cpp">
      <Filter>Source Files</Filter>
    </ClCompile>
    <ClCompile Include="D:\source\repos\DFW2\UMC\CryptoPP\md4.cpp">
      <Filter>Source Files</Filter>
    </ClCompile>
    <ClCompile Include="D:\source\repos\DFW2\UMC\CryptoPP\md5.cpp">
      <Filter>Source Files</Filter>
    </ClCompile>
    <ClCompile Include="D:\source\repos\DFW2\UMC\CryptoPP\misc.cpp">
      <Filter>Source Files</Filter>
    </ClCompile>
    <ClCompile Include="D:\source\repos\DFW2\UMC\CryptoPP\modes.cpp">
      <Filter>Source Files</Filter>
    </ClCompile>
    <ClCompile Include="D:\source\repos\DFW2\UMC\CryptoPP\mqueue.cpp">
      <Filter>Source Files</Filter>
    </ClCompile>
    <ClCompile Include="D:\source\repos\DFW2\UMC\CryptoPP\mqv.cpp">
      <Filter>Source Files</Filter>
    </ClCompile>
    <ClCompile Include="D:\source\repos\DFW2\UMC\CryptoPP\nbtheory.cpp">
      <Filter>Source Files</Filter>
    </ClCompile>
    <ClCompile Include="D:\source\repos\DFW2\UMC\CryptoPP\neon_simd.cpp">
      <Filter>Source Files</Filter>
    </ClCompile>
    <ClCompile Include="D:\source\repos\DFW2\UMC\CryptoPP\oaep.cpp">
      <Filter>Source Files</Filter>
    </ClCompile>
    <ClCompile Include="D:\source\repos\DFW2\UMC\CryptoPP\osrng.cpp">
      <Filter>Source Files</Filter>
    </ClCompile>
    <ClCompile Include="D:\source\repos\DFW2\UMC\CryptoPP\padlkrng.cpp">
      <Filter>Source Files</Filter>
    </ClCompile>
    <ClCompile Include="D:\source\repos\DFW2\UMC\CryptoPP\panama.cpp">
      <Filter>Source Files</Filter>
    </ClCompile>
    <ClCompile Include="D:\source\repos\DFW2\UMC\CryptoPP\pkcspad.cpp">
      <Filter>Source Files</Filter>
    </ClCompile>
    <ClCompile Include="D:\source\repos\DFW2\UMC\CryptoPP\poly1305.cpp">
      <Filter>Source Files</Filter>
    </ClCompile>
    <ClCompile Include="D:\source\repos\DFW2\UMC\CryptoPP\polynomi.cpp">
      <Filter>Source Files</Filter>
    </ClCompile>
    <ClCompile Include="D:\source\repos\DFW2\UMC\CryptoPP\ppc_power7.cpp">
      <Filter>Source Files</Filter>
    </ClCompile>
    <ClCompile Include="D:\source\repos\DFW2\UMC\CryptoPP\ppc_power8.cpp">
      <Filter>Source Files</Filter>
    </ClCompile>
    <ClCompile Include="D:\source\repos\DFW2\UMC\CryptoPP\ppc_power9.cpp">
      <Filter>Source Files</Filter>
    </ClCompile>
    <ClCompile Include="D:\source\repos\DFW2\UMC\CryptoPP\ppc_simd.cpp">
      <Filter>Source Files</Filter>
    </ClCompile>
    <ClCompile Include="D:\source\repos\DFW2\UMC\CryptoPP\pssr.cpp">
      <Filter>Source Files</Filter>
    </ClCompile>
    <ClCompile Include="D:\source\repos\DFW2\UMC\CryptoPP\pubkey.cpp">
      <Filter>Source Files</Filter>
    </ClCompile>
    <ClCompile Include="D:\source\repos\DFW2\UMC\CryptoPP\queue.cpp">
      <Filter>Source Files</Filter>
    </ClCompile>
    <ClCompile Include="D:\source\repos\DFW2\UMC\CryptoPP\rabbit.cpp">
      <Filter>Source Files</Filter>
    </ClCompile>
    <ClCompile Include="D:\source\repos\DFW2\UMC\CryptoPP\rabin.cpp">
      <Filter>Source Files</Filter>
    </ClCompile>
    <ClCompile Include="D:\source\repos\DFW2\UMC\CryptoPP\randpool.cpp">
      <Filter>Source Files</Filter>
    </ClCompile>
    <ClCompile Include="D:\source\repos\DFW2\UMC\CryptoPP\rc2.cpp">
      <Filter>Source Files</Filter>
    </ClCompile>
    <ClCompile Include="D:\source\repos\DFW2\UMC\CryptoPP\rc5.cpp">
      <Filter>Source Files</Filter>
    </ClCompile>
    <ClCompile Include="D:\source\repos\DFW2\UMC\CryptoPP\rc6.cpp">
      <Filter>Source Files</Filter>
    </ClCompile>
    <ClCompile Include="D:\source\repos\DFW2\UMC\CryptoPP\rdrand.cpp">
      <Filter>Source Files</Filter>
    </ClCompile>
    <ClCompile Include="D:\source\repos\DFW2\UMC\CryptoPP\rdtables.cpp">
      <Filter>Source Files</Filter>
    </ClCompile>
    <ClCompile Include="D:\source\repos\DFW2\UMC\CryptoPP\rijndael.cpp">
      <Filter>Source Files</Filter>
    </ClCompile>
    <ClCompile Include="D:\source\repos\DFW2\UMC\CryptoPP\rijndael_simd.cpp">
      <Filter>Source Files</Filter>
    </ClCompile>
    <ClCompile Include="D:\source\repos\DFW2\UMC\CryptoPP\ripemd.cpp">
      <Filter>Source Files</Filter>
    </ClCompile>
    <ClCompile Include="D:\source\repos\DFW2\UMC\CryptoPP\rng.cpp">
      <Filter>Source Files</Filter>
    </ClCompile>
    <ClCompile Include="D:\source\repos\DFW2\UMC\CryptoPP\rsa.cpp">
      <Filter>Source Files</Filter>
    </ClCompile>
    <ClCompile Include="D:\source\repos\DFW2\UMC\CryptoPP\rw.cpp">
      <Filter>Source Files</Filter>
    </ClCompile>
    <ClCompile Include="D:\source\repos\DFW2\UMC\CryptoPP\safer.cpp">
      <Filter>Source Files</Filter>
    </ClCompile>
    <ClCompile Include="D:\source\repos\DFW2\UMC\CryptoPP\salsa.cpp">
      <Filter>Source Files</Filter>
    </ClCompile>
    <ClCompile Include="D:\source\repos\DFW2\UMC\CryptoPP\scrypt.cpp">
      <Filter>Source Files</Filter>
    </ClCompile>
    <ClCompile Include="D:\source\repos\DFW2\UMC\CryptoPP\seal.cpp">
      <Filter>Source Files</Filter>
    </ClCompile>
    <ClCompile Include="D:\source\repos\DFW2\UMC\CryptoPP\seed.cpp">
      <Filter>Source Files</Filter>
    </ClCompile>
    <ClCompile Include="D:\source\repos\DFW2\UMC\CryptoPP\serpent.cpp">
      <Filter>Source Files</Filter>
    </ClCompile>
    <ClCompile Include="D:\source\repos\DFW2\UMC\CryptoPP\sha.cpp">
      <Filter>Source Files</Filter>
    </ClCompile>
    <ClCompile Include="D:\source\repos\DFW2\UMC\CryptoPP\sha3.cpp">
      <Filter>Source Files</Filter>
    </ClCompile>
    <ClCompile Include="D:\source\repos\DFW2\UMC\CryptoPP\sha_simd.cpp">
      <Filter>Source Files</Filter>
    </ClCompile>
    <ClCompile Include="D:\source\repos\DFW2\UMC\CryptoPP\shacal2.cpp">
      <Filter>Source Files</Filter>
    </ClCompile>
    <ClCompile Include="D:\source\repos\DFW2\UMC\CryptoPP\shacal2_simd.cpp">
      <Filter>Source Files</Filter>
    </ClCompile>
    <ClCompile Include="D:\source\repos\DFW2\UMC\CryptoPP\shake.cpp">
      <Filter>Source Files</Filter>
    </ClCompile>
    <ClCompile Include="D:\source\repos\DFW2\UMC\CryptoPP\shark.cpp">
      <Filter>Source Files</Filter>
    </ClCompile>
    <ClCompile Include="D:\source\repos\DFW2\UMC\CryptoPP\sharkbox.cpp">
      <Filter>Source Files</Filter>
    </ClCompile>
    <ClCompile Include="D:\source\repos\DFW2\UMC\CryptoPP\simeck.cpp">
      <Filter>Source Files</Filter>
    </ClCompile>
    <ClCompile Include="D:\source\repos\DFW2\UMC\CryptoPP\simon.cpp">
      <Filter>Source Files</Filter>
    </ClCompile>
    <ClCompile Include="D:\source\repos\DFW2\UMC\CryptoPP\simon128_simd.cpp">
      <Filter>Source Files</Filter>
    </ClCompile>
    <ClCompile Include="D:\source\repos\DFW2\UMC\CryptoPP\skipjack.cpp">
      <Filter>Source Files</Filter>
    </ClCompile>
    <ClCompile Include="D:\source\repos\DFW2\UMC\CryptoPP\sm3.cpp">
      <Filter>Source Files</Filter>
    </ClCompile>
    <ClCompile Include="D:\source\repos\DFW2\UMC\CryptoPP\sm4.cpp">
      <Filter>Source Files</Filter>
    </ClCompile>
    <ClCompile Include="D:\source\repos\DFW2\UMC\CryptoPP\sm4_simd.cpp">
      <Filter>Source Files</Filter>
    </ClCompile>
    <ClCompile Include="D:\source\repos\DFW2\UMC\CryptoPP\sosemanuk.cpp">
      <Filter>Source Files</Filter>
    </ClCompile>
    <ClCompile Include="D:\source\repos\DFW2\UMC\CryptoPP\speck.cpp">
      <Filter>Source Files</Filter>
    </ClCompile>
    <ClCompile Include="D:\source\repos\DFW2\UMC\CryptoPP\speck128_simd.cpp">
      <Filter>Source Files</Filter>
    </ClCompile>
    <ClCompile Include="D:\source\repos\DFW2\UMC\CryptoPP\square.cpp">
      <Filter>Source Files</Filter>
    </ClCompile>
    <ClCompile Include="D:\source\repos\DFW2\UMC\CryptoPP\squaretb.cpp">
      <Filter>Source Files</Filter>
    </ClCompile>
    <ClCompile Include="D:\source\repos\DFW2\UMC\CryptoPP\sse_simd.cpp">
      <Filter>Source Files</Filter>
    </ClCompile>
    <ClCompile Include="D:\source\repos\DFW2\UMC\CryptoPP\strciphr.cpp">
      <Filter>Source Files</Filter>
    </ClCompile>
    <ClCompile Include="D:\source\repos\DFW2\UMC\CryptoPP\tea.cpp">
      <Filter>Source Files</Filter>
    </ClCompile>
    <ClCompile Include="D:\source\repos\DFW2\UMC\CryptoPP\tftables.cpp">
      <Filter>Source Files</Filter>
    </ClCompile>
    <ClCompile Include="D:\source\repos\DFW2\UMC\CryptoPP\threefish.cpp">
      <Filter>Source Files</Filter>
    </ClCompile>
    <ClCompile Include="D:\source\repos\DFW2\UMC\CryptoPP\tiger.cpp">
      <Filter>Source Files</Filter>
    </ClCompile>
    <ClCompile Include="D:\source\repos\DFW2\UMC\CryptoPP\tigertab.cpp">
      <Filter>Source Files</Filter>
    </ClCompile>
    <ClCompile Include="D:\source\repos\DFW2\UMC\CryptoPP\ttmac.cpp">
      <Filter>Source Files</Filter>
    </ClCompile>
    <ClCompile Include="D:\source\repos\DFW2\UMC\CryptoPP\tweetnacl.cpp">
      <Filter>Source Files</Filter>
    </ClCompile>
    <ClCompile Include="D:\source\repos\DFW2\UMC\CryptoPP\twofish.cpp">
      <Filter>Source Files</Filter>
    </ClCompile>
    <ClCompile Include="D:\source\repos\DFW2\UMC\CryptoPP\vmac.cpp">
      <Filter>Source Files</Filter>
    </ClCompile>
    <ClCompile Include="D:\source\repos\DFW2\UMC\CryptoPP\wake.cpp">
      <Filter>Source Files</Filter>
    </ClCompile>
    <ClCompile Include="D:\source\repos\DFW2\UMC\CryptoPP\whrlpool.cpp">
      <Filter>Source Files</Filter>
    </ClCompile>
    <ClCompile Include="D:\source\repos\DFW2\UMC\CryptoPP\xed25519.cpp">
      <Filter>Source Files</Filter>
    </ClCompile>
    <ClCompile Include="D:\source\repos\DFW2\UMC\CryptoPP\xtr.cpp">
      <Filter>Source Files</Filter>
    </ClCompile>
    <ClCompile Include="D:\source\repos\DFW2\UMC\CryptoPP\xtrcrypt.cpp">
      <Filter>Source Files</Filter>
    </ClCompile>
    <ClCompile Include="D:\source\repos\DFW2\UMC\CryptoPP\xts.cpp">
      <Filter>Source Files</Filter>
    </ClCompile>
    <ClCompile Include="D:\source\repos\DFW2\UMC\CryptoPP\zdeflate.cpp">
      <Filter>Source Files</Filter>
    </ClCompile>
    <ClCompile Include="D:\source\repos\DFW2\UMC\CryptoPP\zinflate.cpp">
      <Filter>Source Files</Filter>
    </ClCompile>
    <ClCompile Include="D:\source\repos\DFW2\UMC\CryptoPP\zlib.cpp">
      <Filter>Source Files</Filter>
    </ClCompile>
  </ItemGroup>
  <ItemGroup>
    <CustomBuild Include="D:\source\repos\DFW2\UMC\CryptoPP\CMakeLists.txt" />
  </ItemGroup>
  <ItemGroup>
    <Filter Include="Source Files">
      <UniqueIdentifier>{206683D5-6AE0-38FE-9F2A-8F9728467199}</UniqueIdentifier>
    </Filter>
  </ItemGroup>
</Project>
