<?xml version="1.0" encoding="utf-8"?>
<Project ToolsVersion="17.0" xmlns="http://schemas.microsoft.com/developer/msbuild/2003">
  <ItemGroup>
    <ClCompile Include="D:\source\repos\DFW2\UMC\CryptoPP\test.cpp">
      <Filter>Source Files</Filter>
    </ClCompile>
    <ClCompile Include="D:\source\repos\DFW2\UMC\CryptoPP\bench1.cpp">
      <Filter>Source Files</Filter>
    </ClCompile>
    <ClCompile Include="D:\source\repos\DFW2\UMC\CryptoPP\bench2.cpp">
      <Filter>Source Files</Filter>
    </ClCompile>
    <ClCompile Include="D:\source\repos\DFW2\UMC\CryptoPP\bench3.cpp">
      <Filter>Source Files</Filter>
    </ClCompile>
    <ClCompile Include="D:\source\repos\DFW2\UMC\CryptoPP\validat0.cpp">
      <Filter>Source Files</Filter>
    </ClCompile>
    <ClCompile Include="D:\source\repos\DFW2\UMC\CryptoPP\validat1.cpp">
      <Filter>Source Files</Filter>
    </ClCompile>
    <ClCompile Include="D:\source\repos\DFW2\UMC\CryptoPP\validat2.cpp">
      <Filter>Source Files</Filter>
    </ClCompile>
    <ClCompile Include="D:\source\repos\DFW2\UMC\CryptoPP\validat3.cpp">
      <Filter>Source Files</Filter>
    </ClCompile>
    <ClCompile Include="D:\source\repos\DFW2\UMC\CryptoPP\validat4.cpp">
      <Filter>Source Files</Filter>
    </ClCompile>
    <ClCompile Include="D:\source\repos\DFW2\UMC\CryptoPP\validat5.cpp">
      <Filter>Source Files</Filter>
    </ClCompile>
    <ClCompile Include="D:\source\repos\DFW2\UMC\CryptoPP\validat6.cpp">
      <Filter>Source Files</Filter>
    </ClCompile>
    <ClCompile Include="D:\source\repos\DFW2\UMC\CryptoPP\validat7.cpp">
      <Filter>Source Files</Filter>
    </ClCompile>
    <ClCompile Include="D:\source\repos\DFW2\UMC\CryptoPP\validat8.cpp">
      <Filter>Source Files</Filter>
    </ClCompile>
    <ClCompile Include="D:\source\repos\DFW2\UMC\CryptoPP\validat9.cpp">
      <Filter>Source Files</Filter>
    </ClCompile>
    <ClCompile Include="D:\source\repos\DFW2\UMC\CryptoPP\validat10.cpp">
      <Filter>Source Files</Filter>
    </ClCompile>
    <ClCompile Include="D:\source\repos\DFW2\UMC\CryptoPP\regtest1.cpp">
      <Filter>Source Files</Filter>
    </ClCompile>
    <ClCompile Include="D:\source\repos\DFW2\UMC\CryptoPP\regtest2.cpp">
      <Filter>Source Files</Filter>
    </ClCompile>
    <ClCompile Include="D:\source\repos\DFW2\UMC\CryptoPP\regtest3.cpp">
      <Filter>Source Files</Filter>
    </ClCompile>
    <ClCompile Include="D:\source\repos\DFW2\UMC\CryptoPP\regtest4.cpp">
      <Filter>Source Files</Filter>
    </ClCompile>
    <ClCompile Include="D:\source\repos\DFW2\UMC\CryptoPP\datatest.cpp">
      <Filter>Source Files</Filter>
    </ClCompile>
    <ClCompile Include="D:\source\repos\DFW2\UMC\CryptoPP\fipsalgt.cpp">
      <Filter>Source Files</Filter>
    </ClCompile>
    <ClCompile Include="D:\source\repos\DFW2\UMC\CryptoPP\fipstest.cpp">
      <Filter>Source Files</Filter>
    </ClCompile>
    <ClCompile Include="D:\source\repos\DFW2\UMC\CryptoPP\dlltest.cpp">
      <Filter>Source Files</Filter>
    </ClCompile>
  </ItemGroup>
  <ItemGroup>
    <CustomBuild Include="D:\source\repos\DFW2\UMC\CryptoPP\CMakeLists.txt" />
  </ItemGroup>
  <ItemGroup>
    <Filter Include="Source Files">
      <UniqueIdentifier>{206683D5-6AE0-38FE-9F2A-8F9728467199}</UniqueIdentifier>
    </Filter>
  </ItemGroup>
</Project>
