
Microsoft Visual Studio Solution File, Format Version 12.00
# Visual Studio Version 17
Project("{8BC9CEB8-8B4A-11D0-8D11-00A0C91BC942}") = "ALL_BUILD", "ALL_BUILD.vcxproj", "{5FE62EC8-D808-35BE-A4EE-9AAB73975DAA}"
	ProjectSection(ProjectDependencies) = postProject
		{E46D54FB-4050-3D71-B2A4-4F164BE05E80} = {E46D54FB-4050-3D71-B2A4-4F164BE05E80}
		{8343B958-73FA-3815-BE7E-1D5373EEA330} = {8343B958-73FA-3815-BE7E-1D5373EEA330}
		{B03B04E9-90A9-37A9-A9AD-0BB6561EDA1A} = {B03B04E9-90A9-37A9-A9AD-0BB6561EDA1A}
		{C57E51BB-3CD2-3911-A098-43C811C1BEBE} = {C57E51BB-3CD2-3911-A098-43C811C1BEBE}
		{2CA59A76-A2D4-3C9B-BD79-E1E968651491} = {2CA59A76-A2D4-3C9B-BD79-E1E968651491}
	EndProjectSection
EndProject
Project("{8BC9CEB8-8B4A-11D0-8D11-00A0C91BC942}") = "INSTALL", "INSTALL.vcxproj", "{35BB908E-0F71-319A-AABE-AC293772CB23}"
	ProjectSection(ProjectDependencies) = postProject
		{5FE62EC8-D808-35BE-A4EE-9AAB73975DAA} = {5FE62EC8-D808-35BE-A4EE-9AAB73975DAA}
		{E46D54FB-4050-3D71-B2A4-4F164BE05E80} = {E46D54FB-4050-3D71-B2A4-4F164BE05E80}
	EndProjectSection
EndProject
Project("{8BC9CEB8-8B4A-11D0-8D11-00A0C91BC942}") = "RUN_TESTS", "RUN_TESTS.vcxproj", "{F9A049CE-AF7D-3488-844C-6A02C8E209AA}"
	ProjectSection(ProjectDependencies) = postProject
		{E46D54FB-4050-3D71-B2A4-4F164BE05E80} = {E46D54FB-4050-3D71-B2A4-4F164BE05E80}
	EndProjectSection
EndProject
Project("{8BC9CEB8-8B4A-11D0-8D11-00A0C91BC942}") = "ZERO_CHECK", "ZERO_CHECK.vcxproj", "{E46D54FB-4050-3D71-B2A4-4F164BE05E80}"
	ProjectSection(ProjectDependencies) = postProject
	EndProjectSection
EndProject
Project("{8BC9CEB8-8B4A-11D0-8D11-00A0C91BC942}") = "cryptest", "cryptest.vcxproj", "{8343B958-73FA-3815-BE7E-1D5373EEA330}"
	ProjectSection(ProjectDependencies) = postProject
		{E46D54FB-4050-3D71-B2A4-4F164BE05E80} = {E46D54FB-4050-3D71-B2A4-4F164BE05E80}
		{2CA59A76-A2D4-3C9B-BD79-E1E968651491} = {2CA59A76-A2D4-3C9B-BD79-E1E968651491}
	EndProjectSection
EndProject
Project("{8BC9CEB8-8B4A-11D0-8D11-00A0C91BC942}") = "cryptest.exe", "cryptest.exe.vcxproj", "{986282A8-54F5-3CEE-80FA-5BD3922BEF56}"
	ProjectSection(ProjectDependencies) = postProject
		{E46D54FB-4050-3D71-B2A4-4F164BE05E80} = {E46D54FB-4050-3D71-B2A4-4F164BE05E80}
		{8343B958-73FA-3815-BE7E-1D5373EEA330} = {8343B958-73FA-3815-BE7E-1D5373EEA330}
	EndProjectSection
EndProject
Project("{8BC9CEB8-8B4A-11D0-8D11-00A0C91BC942}") = "cryptopp-object", "cryptopp-object.vcxproj", "{B03B04E9-90A9-37A9-A9AD-0BB6561EDA1A}"
	ProjectSection(ProjectDependencies) = postProject
		{E46D54FB-4050-3D71-B2A4-4F164BE05E80} = {E46D54FB-4050-3D71-B2A4-4F164BE05E80}
	EndProjectSection
EndProject
Project("{8BC9CEB8-8B4A-11D0-8D11-00A0C91BC942}") = "cryptopp-shared", "cryptopp-shared.vcxproj", "{C57E51BB-3CD2-3911-A098-43C811C1BEBE}"
	ProjectSection(ProjectDependencies) = postProject
		{E46D54FB-4050-3D71-B2A4-4F164BE05E80} = {E46D54FB-4050-3D71-B2A4-4F164BE05E80}
		{B03B04E9-90A9-37A9-A9AD-0BB6561EDA1A} = {B03B04E9-90A9-37A9-A9AD-0BB6561EDA1A}
	EndProjectSection
EndProject
Project("{8BC9CEB8-8B4A-11D0-8D11-00A0C91BC942}") = "cryptopp-static", "cryptopp-static.vcxproj", "{2CA59A76-A2D4-3C9B-BD79-E1E968651491}"
	ProjectSection(ProjectDependencies) = postProject
		{E46D54FB-4050-3D71-B2A4-4F164BE05E80} = {E46D54FB-4050-3D71-B2A4-4F164BE05E80}
		{B03B04E9-90A9-37A9-A9AD-0BB6561EDA1A} = {B03B04E9-90A9-37A9-A9AD-0BB6561EDA1A}
	EndProjectSection
EndProject
Project("{8BC9CEB8-8B4A-11D0-8D11-00A0C91BC942}") = "dynamic", "dynamic.vcxproj", "{C4AE12A3-ACF6-373D-8099-22A8F691266C}"
	ProjectSection(ProjectDependencies) = postProject
		{E46D54FB-4050-3D71-B2A4-4F164BE05E80} = {E46D54FB-4050-3D71-B2A4-4F164BE05E80}
		{C57E51BB-3CD2-3911-A098-43C811C1BEBE} = {C57E51BB-3CD2-3911-A098-43C811C1BEBE}
	EndProjectSection
EndProject
Project("{8BC9CEB8-8B4A-11D0-8D11-00A0C91BC942}") = "shared", "shared.vcxproj", "{1B98A3B4-AB2E-3639-82E7-A3EDD32627B8}"
	ProjectSection(ProjectDependencies) = postProject
		{E46D54FB-4050-3D71-B2A4-4F164BE05E80} = {E46D54FB-4050-3D71-B2A4-4F164BE05E80}
		{C57E51BB-3CD2-3911-A098-43C811C1BEBE} = {C57E51BB-3CD2-3911-A098-43C811C1BEBE}
	EndProjectSection
EndProject
Project("{8BC9CEB8-8B4A-11D0-8D11-00A0C91BC942}") = "static", "static.vcxproj", "{F1859EA1-F75A-3AE7-B63D-14C54FB30C72}"
	ProjectSection(ProjectDependencies) = postProject
		{E46D54FB-4050-3D71-B2A4-4F164BE05E80} = {E46D54FB-4050-3D71-B2A4-4F164BE05E80}
		{2CA59A76-A2D4-3C9B-BD79-E1E968651491} = {2CA59A76-A2D4-3C9B-BD79-E1E968651491}
	EndProjectSection
EndProject
Global
	GlobalSection(SolutionConfigurationPlatforms) = preSolution
		Debug|x64 = Debug|x64
		Release|x64 = Release|x64
		MinSizeRel|x64 = MinSizeRel|x64
		RelWithDebInfo|x64 = RelWithDebInfo|x64
	EndGlobalSection
	GlobalSection(ProjectConfigurationPlatforms) = postSolution
		{5FE62EC8-D808-35BE-A4EE-9AAB73975DAA}.Debug|x64.ActiveCfg = Debug|x64
		{5FE62EC8-D808-35BE-A4EE-9AAB73975DAA}.Debug|x64.Build.0 = Debug|x64
		{5FE62EC8-D808-35BE-A4EE-9AAB73975DAA}.Release|x64.ActiveCfg = Release|x64
		{5FE62EC8-D808-35BE-A4EE-9AAB73975DAA}.Release|x64.Build.0 = Release|x64
		{5FE62EC8-D808-35BE-A4EE-9AAB73975DAA}.MinSizeRel|x64.ActiveCfg = MinSizeRel|x64
		{5FE62EC8-D808-35BE-A4EE-9AAB73975DAA}.MinSizeRel|x64.Build.0 = MinSizeRel|x64
		{5FE62EC8-D808-35BE-A4EE-9AAB73975DAA}.RelWithDebInfo|x64.ActiveCfg = RelWithDebInfo|x64
		{5FE62EC8-D808-35BE-A4EE-9AAB73975DAA}.RelWithDebInfo|x64.Build.0 = RelWithDebInfo|x64
		{35BB908E-0F71-319A-AABE-AC293772CB23}.Debug|x64.ActiveCfg = Debug|x64
		{35BB908E-0F71-319A-AABE-AC293772CB23}.Release|x64.ActiveCfg = Release|x64
		{35BB908E-0F71-319A-AABE-AC293772CB23}.MinSizeRel|x64.ActiveCfg = MinSizeRel|x64
		{35BB908E-0F71-319A-AABE-AC293772CB23}.RelWithDebInfo|x64.ActiveCfg = RelWithDebInfo|x64
		{F9A049CE-AF7D-3488-844C-6A02C8E209AA}.Debug|x64.ActiveCfg = Debug|x64
		{F9A049CE-AF7D-3488-844C-6A02C8E209AA}.Release|x64.ActiveCfg = Release|x64
		{F9A049CE-AF7D-3488-844C-6A02C8E209AA}.MinSizeRel|x64.ActiveCfg = MinSizeRel|x64
		{F9A049CE-AF7D-3488-844C-6A02C8E209AA}.RelWithDebInfo|x64.ActiveCfg = RelWithDebInfo|x64
		{E46D54FB-4050-3D71-B2A4-4F164BE05E80}.Debug|x64.ActiveCfg = Debug|x64
		{E46D54FB-4050-3D71-B2A4-4F164BE05E80}.Debug|x64.Build.0 = Debug|x64
		{E46D54FB-4050-3D71-B2A4-4F164BE05E80}.Release|x64.ActiveCfg = Release|x64
		{E46D54FB-4050-3D71-B2A4-4F164BE05E80}.Release|x64.Build.0 = Release|x64
		{E46D54FB-4050-3D71-B2A4-4F164BE05E80}.MinSizeRel|x64.ActiveCfg = MinSizeRel|x64
		{E46D54FB-4050-3D71-B2A4-4F164BE05E80}.MinSizeRel|x64.Build.0 = MinSizeRel|x64
		{E46D54FB-4050-3D71-B2A4-4F164BE05E80}.RelWithDebInfo|x64.ActiveCfg = RelWithDebInfo|x64
		{E46D54FB-4050-3D71-B2A4-4F164BE05E80}.RelWithDebInfo|x64.Build.0 = RelWithDebInfo|x64
		{8343B958-73FA-3815-BE7E-1D5373EEA330}.Debug|x64.ActiveCfg = Debug|x64
		{8343B958-73FA-3815-BE7E-1D5373EEA330}.Debug|x64.Build.0 = Debug|x64
		{8343B958-73FA-3815-BE7E-1D5373EEA330}.Release|x64.ActiveCfg = Release|x64
		{8343B958-73FA-3815-BE7E-1D5373EEA330}.Release|x64.Build.0 = Release|x64
		{8343B958-73FA-3815-BE7E-1D5373EEA330}.MinSizeRel|x64.ActiveCfg = MinSizeRel|x64
		{8343B958-73FA-3815-BE7E-1D5373EEA330}.MinSizeRel|x64.Build.0 = MinSizeRel|x64
		{8343B958-73FA-3815-BE7E-1D5373EEA330}.RelWithDebInfo|x64.ActiveCfg = RelWithDebInfo|x64
		{8343B958-73FA-3815-BE7E-1D5373EEA330}.RelWithDebInfo|x64.Build.0 = RelWithDebInfo|x64
		{986282A8-54F5-3CEE-80FA-5BD3922BEF56}.Debug|x64.ActiveCfg = Debug|x64
		{986282A8-54F5-3CEE-80FA-5BD3922BEF56}.Release|x64.ActiveCfg = Release|x64
		{986282A8-54F5-3CEE-80FA-5BD3922BEF56}.MinSizeRel|x64.ActiveCfg = MinSizeRel|x64
		{986282A8-54F5-3CEE-80FA-5BD3922BEF56}.RelWithDebInfo|x64.ActiveCfg = RelWithDebInfo|x64
		{B03B04E9-90A9-37A9-A9AD-0BB6561EDA1A}.Debug|x64.ActiveCfg = Debug|x64
		{B03B04E9-90A9-37A9-A9AD-0BB6561EDA1A}.Debug|x64.Build.0 = Debug|x64
		{B03B04E9-90A9-37A9-A9AD-0BB6561EDA1A}.Release|x64.ActiveCfg = Release|x64
		{B03B04E9-90A9-37A9-A9AD-0BB6561EDA1A}.Release|x64.Build.0 = Release|x64
		{B03B04E9-90A9-37A9-A9AD-0BB6561EDA1A}.MinSizeRel|x64.ActiveCfg = MinSizeRel|x64
		{B03B04E9-90A9-37A9-A9AD-0BB6561EDA1A}.MinSizeRel|x64.Build.0 = MinSizeRel|x64
		{B03B04E9-90A9-37A9-A9AD-0BB6561EDA1A}.RelWithDebInfo|x64.ActiveCfg = RelWithDebInfo|x64
		{B03B04E9-90A9-37A9-A9AD-0BB6561EDA1A}.RelWithDebInfo|x64.Build.0 = RelWithDebInfo|x64
		{C57E51BB-3CD2-3911-A098-43C811C1BEBE}.Debug|x64.ActiveCfg = Debug|x64
		{C57E51BB-3CD2-3911-A098-43C811C1BEBE}.Debug|x64.Build.0 = Debug|x64
		{C57E51BB-3CD2-3911-A098-43C811C1BEBE}.Release|x64.ActiveCfg = Release|x64
		{C57E51BB-3CD2-3911-A098-43C811C1BEBE}.Release|x64.Build.0 = Release|x64
		{C57E51BB-3CD2-3911-A098-43C811C1BEBE}.MinSizeRel|x64.ActiveCfg = MinSizeRel|x64
		{C57E51BB-3CD2-3911-A098-43C811C1BEBE}.MinSizeRel|x64.Build.0 = MinSizeRel|x64
		{C57E51BB-3CD2-3911-A098-43C811C1BEBE}.RelWithDebInfo|x64.ActiveCfg = RelWithDebInfo|x64
		{C57E51BB-3CD2-3911-A098-43C811C1BEBE}.RelWithDebInfo|x64.Build.0 = RelWithDebInfo|x64
		{2CA59A76-A2D4-3C9B-BD79-E1E968651491}.Debug|x64.ActiveCfg = Debug|x64
		{2CA59A76-A2D4-3C9B-BD79-E1E968651491}.Debug|x64.Build.0 = Debug|x64
		{2CA59A76-A2D4-3C9B-BD79-E1E968651491}.Release|x64.ActiveCfg = Release|x64
		{2CA59A76-A2D4-3C9B-BD79-E1E968651491}.Release|x64.Build.0 = Release|x64
		{2CA59A76-A2D4-3C9B-BD79-E1E968651491}.MinSizeRel|x64.ActiveCfg = MinSizeRel|x64
		{2CA59A76-A2D4-3C9B-BD79-E1E968651491}.MinSizeRel|x64.Build.0 = MinSizeRel|x64
		{2CA59A76-A2D4-3C9B-BD79-E1E968651491}.RelWithDebInfo|x64.ActiveCfg = RelWithDebInfo|x64
		{2CA59A76-A2D4-3C9B-BD79-E1E968651491}.RelWithDebInfo|x64.Build.0 = RelWithDebInfo|x64
		{C4AE12A3-ACF6-373D-8099-22A8F691266C}.Debug|x64.ActiveCfg = Debug|x64
		{C4AE12A3-ACF6-373D-8099-22A8F691266C}.Release|x64.ActiveCfg = Release|x64
		{C4AE12A3-ACF6-373D-8099-22A8F691266C}.MinSizeRel|x64.ActiveCfg = MinSizeRel|x64
		{C4AE12A3-ACF6-373D-8099-22A8F691266C}.RelWithDebInfo|x64.ActiveCfg = RelWithDebInfo|x64
		{1B98A3B4-AB2E-3639-82E7-A3EDD32627B8}.Debug|x64.ActiveCfg = Debug|x64
		{1B98A3B4-AB2E-3639-82E7-A3EDD32627B8}.Release|x64.ActiveCfg = Release|x64
		{1B98A3B4-AB2E-3639-82E7-A3EDD32627B8}.MinSizeRel|x64.ActiveCfg = MinSizeRel|x64
		{1B98A3B4-AB2E-3639-82E7-A3EDD32627B8}.RelWithDebInfo|x64.ActiveCfg = RelWithDebInfo|x64
		{F1859EA1-F75A-3AE7-B63D-14C54FB30C72}.Debug|x64.ActiveCfg = Debug|x64
		{F1859EA1-F75A-3AE7-B63D-14C54FB30C72}.Release|x64.ActiveCfg = Release|x64
		{F1859EA1-F75A-3AE7-B63D-14C54FB30C72}.MinSizeRel|x64.ActiveCfg = MinSizeRel|x64
		{F1859EA1-F75A-3AE7-B63D-14C54FB30C72}.RelWithDebInfo|x64.ActiveCfg = RelWithDebInfo|x64
	EndGlobalSection
	GlobalSection(ExtensibilityGlobals) = postSolution
		SolutionGuid = {3A820A4E-CDD9-367F-A926-4D2B2238D828}
	EndGlobalSection
	GlobalSection(ExtensibilityAddIns) = postSolution
	EndGlobalSection
EndGlobal
