<?xml version="1.0" encoding="utf-8"?>
<Project ToolsVersion="17.0" xmlns="http://schemas.microsoft.com/developer/msbuild/2003">
  <ItemGroup>
    <CustomBuild Include="D:\source\repos\DFW2\UMC\CryptoPP\CMakeFiles\8da62a4b2cdc2a15bcae176975010bdf\generate.stamp.rule">
      <Filter>CMake Rules</Filter>
    </CustomBuild>
  </ItemGroup>
  <ItemGroup>
    <Filter Include="CMake Rules">
      <UniqueIdentifier>{08557384-BD17-3B02-A9CC-30426BB6568B}</UniqueIdentifier>
    </Filter>
  </ItemGroup>
</Project>
