<?xml version="1.0" encoding="utf-8"?>
<Project ToolsVersion="4.0" xmlns="http://schemas.microsoft.com/developer/msbuild/2003">
  <ItemGroup>
    <Filter Include="Source Files">
      <UniqueIdentifier>{4FC737F1-C7A5-4376-A066-2A32D752A2FF}</UniqueIdentifier>
      <Extensions>cpp;c;cc;cxx;def;odl;idl;hpj;bat;asm;asmx</Extensions>
    </Filter>
    <Filter Include="Header Files">
      <UniqueIdentifier>{93995380-89BD-4b04-88EB-625FBE52EBFB}</UniqueIdentifier>
      <Extensions>h;hh;hpp;hxx;hm;inl;inc;xsd</Extensions>
    </Filter>
    <Filter Include="Resource Files">
      <UniqueIdentifier>{67DA6AB6-F800-4c08-8B7A-83BB121AAD01}</UniqueIdentifier>
      <Extensions>rc;ico;cur;bmp;dlg;rc2;rct;bin;rgs;gif;jpg;jpeg;jpe;resx;tiff;tif;png;wav;mfcribbon-ms</Extensions>
    </Filter>
    <Filter Include="Generated Files">
      <UniqueIdentifier>{58f824cc-b40d-43c6-8a5e-0d0cf6aeaf05}</UniqueIdentifier>
      <SourceControlFiles>False</SourceControlFiles>
    </Filter>
    <Filter Include="Header Files\Parser">
      <UniqueIdentifier>{26a926a8-de43-421b-b745-99a80f99f4e6}</UniqueIdentifier>
    </Filter>
    <Filter Include="Source Files\Parser">
      <UniqueIdentifier>{f4c72cba-9b63-45be-9dc7-efd906f7c9d1}</UniqueIdentifier>
    </Filter>
  </ItemGroup>
  <ItemGroup>
    <ClCompile Include="stdafx.cpp">
      <Filter>Source Files</Filter>
    </ClCompile>
    <ClCompile Include="Compiler.cpp">
      <Filter>Source Files</Filter>
    </ClCompile>
    <ClCompile Include="dllmain.cpp">
      <Filter>Source Files</Filter>
    </ClCompile>
    <ClCompile Include="Compiler_i.c">
      <Filter>Generated Files</Filter>
    </ClCompile>
    <ClCompile Include="AutomaticCompiler.cpp">
      <Filter>Source Files</Filter>
    </ClCompile>
    <ClCompile Include="Parser\AutoCompiler.cpp">
      <Filter>Source Files\Parser</Filter>
    </ClCompile>
    <ClCompile Include="Parser\AutoCompilerMessages.cpp">
      <Filter>Source Files\Parser</Filter>
    </ClCompile>
    <ClCompile Include="Parser\DLLOutput.cpp">
      <Filter>Source Files\Parser</Filter>
    </ClCompile>
    <ClCompile Include="Parser\Equiation.cpp">
      <Filter>Source Files\Parser</Filter>
    </ClCompile>
    <ClCompile Include="Parser\ExpressionDictionary.cpp">
      <Filter>Source Files\Parser</Filter>
    </ClCompile>
    <ClCompile Include="Parser\ExpressionParser.cpp">
      <Filter>Source Files\Parser</Filter>
    </ClCompile>
    <ClCompile Include="Parser\ExpressionToken.cpp">
      <Filter>Source Files\Parser</Filter>
    </ClCompile>
    <ClCompile Include="Parser\Parser.cpp">
      <Filter>Source Files\Parser</Filter>
    </ClCompile>
    <ClCompile Include="Parser\Simplify.cpp">
      <Filter>Source Files\Parser</Filter>
    </ClCompile>
    <ClCompile Include="Parser\TransformAbs.cpp">
      <Filter>Source Files\Parser</Filter>
    </ClCompile>
    <ClCompile Include="Parser\TransformBase.cpp">
      <Filter>Source Files\Parser</Filter>
    </ClCompile>
    <ClCompile Include="Parser\TransformDiscrete.cpp">
      <Filter>Source Files\Parser</Filter>
    </ClCompile>
    <ClCompile Include="Parser\TransformMulDiv.cpp">
      <Filter>Source Files\Parser</Filter>
    </ClCompile>
    <ClCompile Include="Parser\TransformPlusMinus.cpp">
      <Filter>Source Files\Parser</Filter>
    </ClCompile>
    <ClCompile Include="Parser\TransformPow.cpp">
      <Filter>Source Files\Parser</Filter>
    </ClCompile>
    <ClCompile Include="Parser\TransformTrigonometry.cpp">
      <Filter>Source Files\Parser</Filter>
    </ClCompile>
    <ClCompile Include="Parser\BaseCompiler.cpp">
      <Filter>Source Files\Parser</Filter>
    </ClCompile>
    <ClCompile Include="Parser\CompilerLogger.cpp">
      <Filter>Source Files\Parser</Filter>
    </ClCompile>
  </ItemGroup>
  <ItemGroup>
    <ClInclude Include="stdafx.h">
      <Filter>Header Files</Filter>
    </ClInclude>
    <ClInclude Include="targetver.h">
      <Filter>Header Files</Filter>
    </ClInclude>
    <ClInclude Include="Resource.h">
      <Filter>Header Files</Filter>
    </ClInclude>
    <ClInclude Include="dllmain.h">
      <Filter>Header Files</Filter>
    </ClInclude>
    <ClInclude Include="Compiler_i.h">
      <Filter>Generated Files</Filter>
    </ClInclude>
    <ClInclude Include="AutomaticCompiler.h">
      <Filter>Header Files</Filter>
    </ClInclude>
    <ClInclude Include="Parser\AutoCompiler.h">
      <Filter>Header Files\Parser</Filter>
    </ClInclude>
    <ClInclude Include="Parser\AutoCompilerMessages.h">
      <Filter>Header Files\Parser</Filter>
    </ClInclude>
    <ClInclude Include="Parser\cex.h">
      <Filter>Header Files\Parser</Filter>
    </ClInclude>
    <ClInclude Include="Parser\CompilerLogger.h">
      <Filter>Header Files\Parser</Filter>
    </ClInclude>
    <ClInclude Include="Parser\DLLOutput.h">
      <Filter>Header Files\Parser</Filter>
    </ClInclude>
    <ClInclude Include="Parser\ExpressionDictionary.h">
      <Filter>Header Files\Parser</Filter>
    </ClInclude>
    <ClInclude Include="Parser\ExpressionParser.h">
      <Filter>Header Files\Parser</Filter>
    </ClInclude>
    <ClInclude Include="Parser\ExpressionToken.h">
      <Filter>Header Files\Parser</Filter>
    </ClInclude>
    <ClInclude Include="Parser\ExpressionTransform.h">
      <Filter>Header Files\Parser</Filter>
    </ClInclude>
    <ClInclude Include="Parser\Messages.h">
      <Filter>Header Files\Parser</Filter>
    </ClInclude>
    <ClInclude Include="Parser\BaseCompiler.h">
      <Filter>Header Files\Parser</Filter>
    </ClInclude>
  </ItemGroup>
  <ItemGroup>
    <ResourceCompile Include="Compiler.rc">
      <Filter>Resource Files</Filter>
    </ResourceCompile>
  </ItemGroup>
  <ItemGroup>
    <Text Include="ReadMe.txt" />
  </ItemGroup>
  <ItemGroup>
    <None Include="Compiler.rgs">
      <Filter>Resource Files</Filter>
    </None>
    <None Include="Compiler.def">
      <Filter>Source Files</Filter>
    </None>
    <None Include="AutomaticCompiler.rgs">
      <Filter>Resource Files</Filter>
    </None>
  </ItemGroup>
  <ItemGroup>
    <Midl Include="Compiler.idl">
      <Filter>Source Files</Filter>
    </Midl>
  </ItemGroup>
</Project>