
Microsoft Visual Studio Solution File, Format Version 12.00
# Visual Studio Version 17
Project("{8BC9CEB8-8B4A-11D0-8D11-00A0C91BC942}") = "ALL_BUILD", "ALL_BUILD.vcxproj", "{28E8FC8F-A8BD-3EA9-8456-D63DA2ACB3DD}"
	ProjectSection(ProjectDependencies) = postProject
		{778BF217-7BBF-388A-BB35-2846997493F2} = {778BF217-7BBF-388A-BB35-2846997493F2}
		{283149E7-134D-3832-86C7-BC426FDC69D4} = {283149E7-134D-3832-86C7-BC426FDC69D4}
		{F7C4C939-7D8C-3BEA-9264-2F5B3E6BF327} = {F7C4C939-7D8C-3BEA-9264-2F5B3E6BF327}
		{031A5A8A-6C2C-3A82-988D-B3FBED3F69BA} = {031A5A8A-6C2C-3A82-988D-B3FBED3F69BA}
		{21B40F16-1A1D-39A6-A98B-2B5983C9B8E3} = {21B40F16-1A1D-39A6-A98B-2B5983C9B8E3}
		{ADA56F20-5E7A-36F7-B987-5625BFD26E58} = {ADA56F20-5E7A-36F7-B987-5625BFD26E58}
		{E4DEBBBB-5CB8-3F57-AE56-47ACE9681208} = {E4DEBBBB-5CB8-3F57-AE56-47ACE9681208}
		{79AFE35D-7923-3CBE-94B4-AD9D0196BB74} = {79AFE35D-7923-3CBE-94B4-AD9D0196BB74}
	EndProjectSection
EndProject
Project("{8BC9CEB8-8B4A-11D0-8D11-00A0C91BC942}") = "INSTALL", "INSTALL.vcxproj", "{871068D2-0DFD-3BB4-8FA1-1D3D0FA49A8D}"
	ProjectSection(ProjectDependencies) = postProject
		{28E8FC8F-A8BD-3EA9-8456-D63DA2ACB3DD} = {28E8FC8F-A8BD-3EA9-8456-D63DA2ACB3DD}
		{778BF217-7BBF-388A-BB35-2846997493F2} = {778BF217-7BBF-388A-BB35-2846997493F2}
	EndProjectSection
EndProject
Project("{8BC9CEB8-8B4A-11D0-8D11-00A0C91BC942}") = "PACKAGE", "PACKAGE.vcxproj", "{C21A41C4-8CF2-349F-A17D-5897A5473D10}"
	ProjectSection(ProjectDependencies) = postProject
		{28E8FC8F-A8BD-3EA9-8456-D63DA2ACB3DD} = {28E8FC8F-A8BD-3EA9-8456-D63DA2ACB3DD}
		{778BF217-7BBF-388A-BB35-2846997493F2} = {778BF217-7BBF-388A-BB35-2846997493F2}
	EndProjectSection
EndProject
Project("{8BC9CEB8-8B4A-11D0-8D11-00A0C91BC942}") = "RUN_TESTS", "RUN_TESTS.vcxproj", "{58C09213-585A-3416-9720-CF1CF79EBB0D}"
	ProjectSection(ProjectDependencies) = postProject
		{778BF217-7BBF-388A-BB35-2846997493F2} = {778BF217-7BBF-388A-BB35-2846997493F2}
	EndProjectSection
EndProject
Project("{8BC9CEB8-8B4A-11D0-8D11-00A0C91BC942}") = "ZERO_CHECK", "ZERO_CHECK.vcxproj", "{778BF217-7BBF-388A-BB35-2846997493F2}"
	ProjectSection(ProjectDependencies) = postProject
	EndProjectSection
EndProject
Project("{8BC9CEB8-8B4A-11D0-8D11-00A0C91BC942}") = "antlr4_shared", "runtime\antlr4_shared.vcxproj", "{283149E7-134D-3832-86C7-BC426FDC69D4}"
	ProjectSection(ProjectDependencies) = postProject
		{778BF217-7BBF-388A-BB35-2846997493F2} = {778BF217-7BBF-388A-BB35-2846997493F2}
	EndProjectSection
EndProject
Project("{8BC9CEB8-8B4A-11D0-8D11-00A0C91BC942}") = "antlr4_static", "runtime\antlr4_static.vcxproj", "{F7C4C939-7D8C-3BEA-9264-2F5B3E6BF327}"
	ProjectSection(ProjectDependencies) = postProject
		{778BF217-7BBF-388A-BB35-2846997493F2} = {778BF217-7BBF-388A-BB35-2846997493F2}
	EndProjectSection
EndProject
Project("{8BC9CEB8-8B4A-11D0-8D11-00A0C91BC942}") = "antlr4_tests", "runtime\antlr4_tests.vcxproj", "{031A5A8A-6C2C-3A82-988D-B3FBED3F69BA}"
	ProjectSection(ProjectDependencies) = postProject
		{778BF217-7BBF-388A-BB35-2846997493F2} = {778BF217-7BBF-388A-BB35-2846997493F2}
		{F7C4C939-7D8C-3BEA-9264-2F5B3E6BF327} = {F7C4C939-7D8C-3BEA-9264-2F5B3E6BF327}
		{E4DEBBBB-5CB8-3F57-AE56-47ACE9681208} = {E4DEBBBB-5CB8-3F57-AE56-47ACE9681208}
		{79AFE35D-7923-3CBE-94B4-AD9D0196BB74} = {79AFE35D-7923-3CBE-94B4-AD9D0196BB74}
	EndProjectSection
EndProject
Project("{8BC9CEB8-8B4A-11D0-8D11-00A0C91BC942}") = "gmock", "_deps\googletest-build\googlemock\gmock.vcxproj", "{21B40F16-1A1D-39A6-A98B-2B5983C9B8E3}"
	ProjectSection(ProjectDependencies) = postProject
		{778BF217-7BBF-388A-BB35-2846997493F2} = {778BF217-7BBF-388A-BB35-2846997493F2}
	EndProjectSection
EndProject
Project("{8BC9CEB8-8B4A-11D0-8D11-00A0C91BC942}") = "gmock_main", "_deps\googletest-build\googlemock\gmock_main.vcxproj", "{ADA56F20-5E7A-36F7-B987-5625BFD26E58}"
	ProjectSection(ProjectDependencies) = postProject
		{778BF217-7BBF-388A-BB35-2846997493F2} = {778BF217-7BBF-388A-BB35-2846997493F2}
	EndProjectSection
EndProject
Project("{8BC9CEB8-8B4A-11D0-8D11-00A0C91BC942}") = "gtest", "_deps\googletest-build\googletest\gtest.vcxproj", "{E4DEBBBB-5CB8-3F57-AE56-47ACE9681208}"
	ProjectSection(ProjectDependencies) = postProject
		{778BF217-7BBF-388A-BB35-2846997493F2} = {778BF217-7BBF-388A-BB35-2846997493F2}
	EndProjectSection
EndProject
Project("{8BC9CEB8-8B4A-11D0-8D11-00A0C91BC942}") = "gtest_main", "_deps\googletest-build\googletest\gtest_main.vcxproj", "{79AFE35D-7923-3CBE-94B4-AD9D0196BB74}"
	ProjectSection(ProjectDependencies) = postProject
		{778BF217-7BBF-388A-BB35-2846997493F2} = {778BF217-7BBF-388A-BB35-2846997493F2}
		{E4DEBBBB-5CB8-3F57-AE56-47ACE9681208} = {E4DEBBBB-5CB8-3F57-AE56-47ACE9681208}
	EndProjectSection
EndProject
Global
	GlobalSection(SolutionConfigurationPlatforms) = preSolution
		Debug|x64 = Debug|x64
		Release|x64 = Release|x64
		MinSizeRel|x64 = MinSizeRel|x64
		RelWithDebInfo|x64 = RelWithDebInfo|x64
	EndGlobalSection
	GlobalSection(ProjectConfigurationPlatforms) = postSolution
		{28E8FC8F-A8BD-3EA9-8456-D63DA2ACB3DD}.Debug|x64.ActiveCfg = Debug|x64
		{28E8FC8F-A8BD-3EA9-8456-D63DA2ACB3DD}.Debug|x64.Build.0 = Debug|x64
		{28E8FC8F-A8BD-3EA9-8456-D63DA2ACB3DD}.Release|x64.ActiveCfg = Release|x64
		{28E8FC8F-A8BD-3EA9-8456-D63DA2ACB3DD}.Release|x64.Build.0 = Release|x64
		{28E8FC8F-A8BD-3EA9-8456-D63DA2ACB3DD}.MinSizeRel|x64.ActiveCfg = MinSizeRel|x64
		{28E8FC8F-A8BD-3EA9-8456-D63DA2ACB3DD}.MinSizeRel|x64.Build.0 = MinSizeRel|x64
		{28E8FC8F-A8BD-3EA9-8456-D63DA2ACB3DD}.RelWithDebInfo|x64.ActiveCfg = RelWithDebInfo|x64
		{28E8FC8F-A8BD-3EA9-8456-D63DA2ACB3DD}.RelWithDebInfo|x64.Build.0 = RelWithDebInfo|x64
		{871068D2-0DFD-3BB4-8FA1-1D3D0FA49A8D}.Debug|x64.ActiveCfg = Debug|x64
		{871068D2-0DFD-3BB4-8FA1-1D3D0FA49A8D}.Release|x64.ActiveCfg = Release|x64
		{871068D2-0DFD-3BB4-8FA1-1D3D0FA49A8D}.MinSizeRel|x64.ActiveCfg = MinSizeRel|x64
		{871068D2-0DFD-3BB4-8FA1-1D3D0FA49A8D}.RelWithDebInfo|x64.ActiveCfg = RelWithDebInfo|x64
		{C21A41C4-8CF2-349F-A17D-5897A5473D10}.Debug|x64.ActiveCfg = Debug|x64
		{C21A41C4-8CF2-349F-A17D-5897A5473D10}.Release|x64.ActiveCfg = Release|x64
		{C21A41C4-8CF2-349F-A17D-5897A5473D10}.MinSizeRel|x64.ActiveCfg = MinSizeRel|x64
		{C21A41C4-8CF2-349F-A17D-5897A5473D10}.RelWithDebInfo|x64.ActiveCfg = RelWithDebInfo|x64
		{58C09213-585A-3416-9720-CF1CF79EBB0D}.Debug|x64.ActiveCfg = Debug|x64
		{58C09213-585A-3416-9720-CF1CF79EBB0D}.Release|x64.ActiveCfg = Release|x64
		{58C09213-585A-3416-9720-CF1CF79EBB0D}.MinSizeRel|x64.ActiveCfg = MinSizeRel|x64
		{58C09213-585A-3416-9720-CF1CF79EBB0D}.RelWithDebInfo|x64.ActiveCfg = RelWithDebInfo|x64
		{778BF217-7BBF-388A-BB35-2846997493F2}.Debug|x64.ActiveCfg = Debug|x64
		{778BF217-7BBF-388A-BB35-2846997493F2}.Debug|x64.Build.0 = Debug|x64
		{778BF217-7BBF-388A-BB35-2846997493F2}.Release|x64.ActiveCfg = Release|x64
		{778BF217-7BBF-388A-BB35-2846997493F2}.Release|x64.Build.0 = Release|x64
		{778BF217-7BBF-388A-BB35-2846997493F2}.MinSizeRel|x64.ActiveCfg = MinSizeRel|x64
		{778BF217-7BBF-388A-BB35-2846997493F2}.MinSizeRel|x64.Build.0 = MinSizeRel|x64
		{778BF217-7BBF-388A-BB35-2846997493F2}.RelWithDebInfo|x64.ActiveCfg = RelWithDebInfo|x64
		{778BF217-7BBF-388A-BB35-2846997493F2}.RelWithDebInfo|x64.Build.0 = RelWithDebInfo|x64
		{283149E7-134D-3832-86C7-BC426FDC69D4}.Debug|x64.ActiveCfg = Debug|x64
		{283149E7-134D-3832-86C7-BC426FDC69D4}.Debug|x64.Build.0 = Debug|x64
		{283149E7-134D-3832-86C7-BC426FDC69D4}.Release|x64.ActiveCfg = Release|x64
		{283149E7-134D-3832-86C7-BC426FDC69D4}.Release|x64.Build.0 = Release|x64
		{283149E7-134D-3832-86C7-BC426FDC69D4}.MinSizeRel|x64.ActiveCfg = MinSizeRel|x64
		{283149E7-134D-3832-86C7-BC426FDC69D4}.MinSizeRel|x64.Build.0 = MinSizeRel|x64
		{283149E7-134D-3832-86C7-BC426FDC69D4}.RelWithDebInfo|x64.ActiveCfg = RelWithDebInfo|x64
		{283149E7-134D-3832-86C7-BC426FDC69D4}.RelWithDebInfo|x64.Build.0 = RelWithDebInfo|x64
		{F7C4C939-7D8C-3BEA-9264-2F5B3E6BF327}.Debug|x64.ActiveCfg = Debug|x64
		{F7C4C939-7D8C-3BEA-9264-2F5B3E6BF327}.Debug|x64.Build.0 = Debug|x64
		{F7C4C939-7D8C-3BEA-9264-2F5B3E6BF327}.Release|x64.ActiveCfg = Release|x64
		{F7C4C939-7D8C-3BEA-9264-2F5B3E6BF327}.Release|x64.Build.0 = Release|x64
		{F7C4C939-7D8C-3BEA-9264-2F5B3E6BF327}.MinSizeRel|x64.ActiveCfg = MinSizeRel|x64
		{F7C4C939-7D8C-3BEA-9264-2F5B3E6BF327}.MinSizeRel|x64.Build.0 = MinSizeRel|x64
		{F7C4C939-7D8C-3BEA-9264-2F5B3E6BF327}.RelWithDebInfo|x64.ActiveCfg = RelWithDebInfo|x64
		{F7C4C939-7D8C-3BEA-9264-2F5B3E6BF327}.RelWithDebInfo|x64.Build.0 = RelWithDebInfo|x64
		{031A5A8A-6C2C-3A82-988D-B3FBED3F69BA}.Debug|x64.ActiveCfg = Debug|x64
		{031A5A8A-6C2C-3A82-988D-B3FBED3F69BA}.Debug|x64.Build.0 = Debug|x64
		{031A5A8A-6C2C-3A82-988D-B3FBED3F69BA}.Release|x64.ActiveCfg = Release|x64
		{031A5A8A-6C2C-3A82-988D-B3FBED3F69BA}.Release|x64.Build.0 = Release|x64
		{031A5A8A-6C2C-3A82-988D-B3FBED3F69BA}.MinSizeRel|x64.ActiveCfg = MinSizeRel|x64
		{031A5A8A-6C2C-3A82-988D-B3FBED3F69BA}.MinSizeRel|x64.Build.0 = MinSizeRel|x64
		{031A5A8A-6C2C-3A82-988D-B3FBED3F69BA}.RelWithDebInfo|x64.ActiveCfg = RelWithDebInfo|x64
		{031A5A8A-6C2C-3A82-988D-B3FBED3F69BA}.RelWithDebInfo|x64.Build.0 = RelWithDebInfo|x64
		{21B40F16-1A1D-39A6-A98B-2B5983C9B8E3}.Debug|x64.ActiveCfg = Debug|x64
		{21B40F16-1A1D-39A6-A98B-2B5983C9B8E3}.Debug|x64.Build.0 = Debug|x64
		{21B40F16-1A1D-39A6-A98B-2B5983C9B8E3}.Release|x64.ActiveCfg = Release|x64
		{21B40F16-1A1D-39A6-A98B-2B5983C9B8E3}.Release|x64.Build.0 = Release|x64
		{21B40F16-1A1D-39A6-A98B-2B5983C9B8E3}.MinSizeRel|x64.ActiveCfg = MinSizeRel|x64
		{21B40F16-1A1D-39A6-A98B-2B5983C9B8E3}.MinSizeRel|x64.Build.0 = MinSizeRel|x64
		{21B40F16-1A1D-39A6-A98B-2B5983C9B8E3}.RelWithDebInfo|x64.ActiveCfg = RelWithDebInfo|x64
		{21B40F16-1A1D-39A6-A98B-2B5983C9B8E3}.RelWithDebInfo|x64.Build.0 = RelWithDebInfo|x64
		{ADA56F20-5E7A-36F7-B987-5625BFD26E58}.Debug|x64.ActiveCfg = Debug|x64
		{ADA56F20-5E7A-36F7-B987-5625BFD26E58}.Debug|x64.Build.0 = Debug|x64
		{ADA56F20-5E7A-36F7-B987-5625BFD26E58}.Release|x64.ActiveCfg = Release|x64
		{ADA56F20-5E7A-36F7-B987-5625BFD26E58}.Release|x64.Build.0 = Release|x64
		{ADA56F20-5E7A-36F7-B987-5625BFD26E58}.MinSizeRel|x64.ActiveCfg = MinSizeRel|x64
		{ADA56F20-5E7A-36F7-B987-5625BFD26E58}.MinSizeRel|x64.Build.0 = MinSizeRel|x64
		{ADA56F20-5E7A-36F7-B987-5625BFD26E58}.RelWithDebInfo|x64.ActiveCfg = RelWithDebInfo|x64
		{ADA56F20-5E7A-36F7-B987-5625BFD26E58}.RelWithDebInfo|x64.Build.0 = RelWithDebInfo|x64
		{E4DEBBBB-5CB8-3F57-AE56-47ACE9681208}.Debug|x64.ActiveCfg = Debug|x64
		{E4DEBBBB-5CB8-3F57-AE56-47ACE9681208}.Debug|x64.Build.0 = Debug|x64
		{E4DEBBBB-5CB8-3F57-AE56-47ACE9681208}.Release|x64.ActiveCfg = Release|x64
		{E4DEBBBB-5CB8-3F57-AE56-47ACE9681208}.Release|x64.Build.0 = Release|x64
		{E4DEBBBB-5CB8-3F57-AE56-47ACE9681208}.MinSizeRel|x64.ActiveCfg = MinSizeRel|x64
		{E4DEBBBB-5CB8-3F57-AE56-47ACE9681208}.MinSizeRel|x64.Build.0 = MinSizeRel|x64
		{E4DEBBBB-5CB8-3F57-AE56-47ACE9681208}.RelWithDebInfo|x64.ActiveCfg = RelWithDebInfo|x64
		{E4DEBBBB-5CB8-3F57-AE56-47ACE9681208}.RelWithDebInfo|x64.Build.0 = RelWithDebInfo|x64
		{79AFE35D-7923-3CBE-94B4-AD9D0196BB74}.Debug|x64.ActiveCfg = Debug|x64
		{79AFE35D-7923-3CBE-94B4-AD9D0196BB74}.Debug|x64.Build.0 = Debug|x64
		{79AFE35D-7923-3CBE-94B4-AD9D0196BB74}.Release|x64.ActiveCfg = Release|x64
		{79AFE35D-7923-3CBE-94B4-AD9D0196BB74}.Release|x64.Build.0 = Release|x64
		{79AFE35D-7923-3CBE-94B4-AD9D0196BB74}.MinSizeRel|x64.ActiveCfg = MinSizeRel|x64
		{79AFE35D-7923-3CBE-94B4-AD9D0196BB74}.MinSizeRel|x64.Build.0 = MinSizeRel|x64
		{79AFE35D-7923-3CBE-94B4-AD9D0196BB74}.RelWithDebInfo|x64.ActiveCfg = RelWithDebInfo|x64
		{79AFE35D-7923-3CBE-94B4-AD9D0196BB74}.RelWithDebInfo|x64.Build.0 = RelWithDebInfo|x64
	EndGlobalSection
	GlobalSection(ExtensibilityGlobals) = postSolution
		SolutionGuid = {7EDD2B07-B414-3C93-9E8D-07BA5DF66C13}
	EndGlobalSection
	GlobalSection(ExtensibilityAddIns) = postSolution
	EndGlobalSection
EndGlobal
